// !$*UTF8*$!
{
	archiveVersion = 1;
	classes = {
	};
	objectVersion = 46;
	objects = {

/* Begin PBXBuildFile section */
		DD66CF3114BE85CD004D127C /* SystemConfiguration.framework in Frameworks */ = {isa = PBXBuildFile; fileRef = DD66CF3014BE85CD004D127C /* SystemConfiguration.framework */; };
		DD78470B14BE87A00050DD04 /* CommentModel.m in Sources */ = {isa = PBXBuildFile; fileRef = DD78470314BE87A00050DD04 /* CommentModel.m */; };
		DD78470C14BE87A00050DD04 /* ItemCategoryModel.m in Sources */ = {isa = PBXBuildFile; fileRef = DD78470614BE87A00050DD04 /* ItemCategoryModel.m */; };
		DD78470D14BE87A00050DD04 /* ItemProductModel.m in Sources */ = {isa = PBXBuildFile; fileRef = DD78470814BE87A00050DD04 /* ItemProductModel.m */; };
		DD78470E14BE87A00050DD04 /* Utility.m in Sources */ = {isa = PBXBuildFile; fileRef = DD78470A14BE87A00050DD04 /* Utility.m */; settings = {COMPILER_FLAGS = "-fno-objc-arc"; }; };
		DD78473A14BE8FDB0050DD04 /* SDImageCache.m in Sources */ = {isa = PBXBuildFile; fileRef = DD78472D14BE8FDB0050DD04 /* SDImageCache.m */; settings = {COMPILER_FLAGS = "-fno-objc-arc"; }; };
		DD78473B14BE8FDB0050DD04 /* SDWebImageDecoder.m in Sources */ = {isa = PBXBuildFile; fileRef = DD78473114BE8FDB0050DD04 /* SDWebImageDecoder.m */; settings = {COMPILER_FLAGS = "-fno-objc-arc"; }; };
		DD78473C14BE8FDB0050DD04 /* SDWebImageDownloader.m in Sources */ = {isa = PBXBuildFile; fileRef = DD78473314BE8FDB0050DD04 /* SDWebImageDownloader.m */; settings = {COMPILER_FLAGS = "-fno-objc-arc"; }; };
		DD78473D14BE8FDB0050DD04 /* SDWebImageManager.m in Sources */ = {isa = PBXBuildFile; fileRef = DD78473614BE8FDB0050DD04 /* SDWebImageManager.m */; settings = {COMPILER_FLAGS = "-fno-objc-arc"; }; };
		DD78473E14BE8FDB0050DD04 /* SDWebImagePrefetcher.m in Sources */ = {isa = PBXBuildFile; fileRef = DD78473914BE8FDB0050DD04 /* SDWebImagePrefetcher.m */; settings = {COMPILER_FLAGS = "-fno-objc-arc"; }; };
		DD78474214BE92E20050DD04 /* MBProgressHUD.m in Sources */ = {isa = PBXBuildFile; fileRef = DD78474114BE92E20050DD04 /* MBProgressHUD.m */; settings = {COMPILER_FLAGS = "-fno-objc-arc"; }; };
		DD78474514BE92F00050DD04 /* 37x-Checkmark.png in Resources */ = {isa = PBXBuildFile; fileRef = DD78474414BE92F00050DD04 /* 37x-Checkmark.png */; };
		DD78474C14BEC0A20050DD04 /* SingleModel.m in Sources */ = {isa = PBXBuildFile; fileRef = DD78474B14BEC0A20050DD04 /* SingleModel.m */; };
		DDE10A9014BBD774006630F4 /* UIKit.framework in Frameworks */ = {isa = PBXBuildFile; fileRef = DDE10A8F14BBD774006630F4 /* UIKit.framework */; };
		DDE10A9214BBD774006630F4 /* Foundation.framework in Frameworks */ = {isa = PBXBuildFile; fileRef = DDE10A9114BBD774006630F4 /* Foundation.framework */; };
		DDE10A9414BBD774006630F4 /* CoreGraphics.framework in Frameworks */ = {isa = PBXBuildFile; fileRef = DDE10A9314BBD774006630F4 /* CoreGraphics.framework */; };
		DDE10A9A14BBD774006630F4 /* InfoPlist.strings in Resources */ = {isa = PBXBuildFile; fileRef = DDE10A9814BBD774006630F4 /* InfoPlist.strings */; };
		DDE10A9C14BBD774006630F4 /* main.m in Sources */ = {isa = PBXBuildFile; fileRef = DDE10A9B14BBD774006630F4 /* main.m */; };
		DDE10AA014BBD774006630F4 /* AppDelegate.m in Sources */ = {isa = PBXBuildFile; fileRef = DDE10A9F14BBD774006630F4 /* AppDelegate.m */; };
		DDE10AA314BBD775006630F4 /* MainStoryboard.storyboard in Resources */ = {isa = PBXBuildFile; fileRef = DDE10AA114BBD775006630F4 /* MainStoryboard.storyboard */; };
		DDE10AA614BBD775006630F4 /* HomeTabController.m in Sources */ = {isa = PBXBuildFile; fileRef = DDE10AA514BBD775006630F4 /* HomeTabController.m */; };
		DDE10AA814BBD775006630F4 /* first.png in Resources */ = {isa = PBXBuildFile; fileRef = DDE10AA714BBD775006630F4 /* first.png */; };
		DDE10AAA14BBD775006630F4 /* first@2x.png in Resources */ = {isa = PBXBuildFile; fileRef = DDE10AA914BBD775006630F4 /* first@2x.png */; };
		DDE10AAD14BBD775006630F4 /* ProductTabController.m in Sources */ = {isa = PBXBuildFile; fileRef = DDE10AAC14BBD775006630F4 /* ProductTabController.m */; };
		DDE10AAF14BBD775006630F4 /* second.png in Resources */ = {isa = PBXBuildFile; fileRef = DDE10AAE14BBD775006630F4 /* second.png */; };
		DDE10AB114BBD775006630F4 /* second@2x.png in Resources */ = {isa = PBXBuildFile; fileRef = DDE10AB014BBD775006630F4 /* second@2x.png */; };
		DDE10ABE14BBDD0B006630F4 /* DetailInfo.m in Sources */ = {isa = PBXBuildFile; fileRef = DDE10ABC14BBDD0B006630F4 /* DetailInfo.m */; };
		DDE10ABF14BBDD0B006630F4 /* DetailInfo.xib in Resources */ = {isa = PBXBuildFile; fileRef = DDE10ABD14BBDD0B006630F4 /* DetailInfo.xib */; };
		DDE10AC314BBDD20006630F4 /* DetailInfoWeb.m in Sources */ = {isa = PBXBuildFile; fileRef = DDE10AC114BBDD20006630F4 /* DetailInfoWeb.m */; };
		DDE10AC414BBDD20006630F4 /* DetailInfoWeb.xib in Resources */ = {isa = PBXBuildFile; fileRef = DDE10AC214BBDD20006630F4 /* DetailInfoWeb.xib */; };
		DDE10AC814BBDD7F006630F4 /* DetailInfoImage.m in Sources */ = {isa = PBXBuildFile; fileRef = DDE10AC614BBDD7F006630F4 /* DetailInfoImage.m */; };
		DDE10AC914BBDD7F006630F4 /* DetailInfoImage.xib in Resources */ = {isa = PBXBuildFile; fileRef = DDE10AC714BBDD7F006630F4 /* DetailInfoImage.xib */; };
		DDE10ACD14BBDE89006630F4 /* SearchTabController.m in Sources */ = {isa = PBXBuildFile; fileRef = DDE10ACC14BBDE89006630F4 /* SearchTabController.m */; };
		DDE10AD014BBDE9E006630F4 /* EventTabController.m in Sources */ = {isa = PBXBuildFile; fileRef = DDE10ACF14BBDE9E006630F4 /* EventTabController.m */; };
		DDE10AD314BBDEB3006630F4 /* SettingTabController.m in Sources */ = {isa = PBXBuildFile; fileRef = DDE10AD214BBDEB3006630F4 /* SettingTabController.m */; };
		DDECFA4F14BD6B2900477A45 /* 1933_1.jpg in Resources */ = {isa = PBXBuildFile; fileRef = DDECFA4A14BD6B2800477A45 /* 1933_1.jpg */; };
		DDECFA5014BD6B2900477A45 /* 1933_2.jpg in Resources */ = {isa = PBXBuildFile; fileRef = DDECFA4B14BD6B2800477A45 /* 1933_2.jpg */; };
		DDECFA5114BD6B2900477A45 /* 1933_3.jpg in Resources */ = {isa = PBXBuildFile; fileRef = DDECFA4C14BD6B2800477A45 /* 1933_3.jpg */; };
		DDECFA5214BD6B2900477A45 /* 1933_4.jpg in Resources */ = {isa = PBXBuildFile; fileRef = DDECFA4D14BD6B2800477A45 /* 1933_4.jpg */; };
		DDECFA5314BD6B2900477A45 /* 1933_5.jpg in Resources */ = {isa = PBXBuildFile; fileRef = DDECFA4E14BD6B2900477A45 /* 1933_5.jpg */; };
		DDECFA5714BD6B7400477A45 /* PagePhotosView.m in Sources */ = {isa = PBXBuildFile; fileRef = DDECFA5614BD6B7400477A45 /* PagePhotosView.m */; settings = {COMPILER_FLAGS = "-fno-objc-arc"; }; };
/* End PBXBuildFile section */

/* Begin PBXFileReference section */
		DD66CF3014BE85CD004D127C /* SystemConfiguration.framework */ = {isa = PBXFileReference; lastKnownFileType = wrapper.framework; name = SystemConfiguration.framework; path = System/Library/Frameworks/SystemConfiguration.framework; sourceTree = SDKROOT; };
		DD78470214BE87A00050DD04 /* CommentModel.h */ = {isa = PBXFileReference; fileEncoding = 4; lastKnownFileType = sourcecode.c.h; path = CommentModel.h; sourceTree = "<group>"; };
		DD78470314BE87A00050DD04 /* CommentModel.m */ = {isa = PBXFileReference; fileEncoding = 4; lastKnownFileType = sourcecode.c.objc; path = CommentModel.m; sourceTree = "<group>"; };
		DD78470414BE87A00050DD04 /* Constants.h */ = {isa = PBXFileReference; fileEncoding = 4; lastKnownFileType = sourcecode.c.h; path = Constants.h; sourceTree = "<group>"; };
		DD78470514BE87A00050DD04 /* ItemCategoryModel.h */ = {isa = PBXFileReference; fileEncoding = 4; lastKnownFileType = sourcecode.c.h; path = ItemCategoryModel.h; sourceTree = "<group>"; };
		DD78470614BE87A00050DD04 /* ItemCategoryModel.m */ = {isa = PBXFileReference; fileEncoding = 4; lastKnownFileType = sourcecode.c.objc; path = ItemCategoryModel.m; sourceTree = "<group>"; };
		DD78470714BE87A00050DD04 /* ItemProductModel.h */ = {isa = PBXFileReference; fileEncoding = 4; lastKnownFileType = sourcecode.c.h; path = ItemProductModel.h; sourceTree = "<group>"; };
		DD78470814BE87A00050DD04 /* ItemProductModel.m */ = {isa = PBXFileReference; fileEncoding = 4; lastKnownFileType = sourcecode.c.objc; path = ItemProductModel.m; sourceTree = "<group>"; };
		DD78470914BE87A00050DD04 /* Utility.h */ = {isa = PBXFileReference; fileEncoding = 4; lastKnownFileType = sourcecode.c.h; path = Utility.h; sourceTree = "<group>"; };
		DD78470A14BE87A00050DD04 /* Utility.m */ = {isa = PBXFileReference; fileEncoding = 4; lastKnownFileType = sourcecode.c.objc; path = Utility.m; sourceTree = "<group>"; };
		DD78472C14BE8FDB0050DD04 /* SDImageCache.h */ = {isa = PBXFileReference; fileEncoding = 4; lastKnownFileType = sourcecode.c.h; path = SDImageCache.h; sourceTree = "<group>"; };
		DD78472D14BE8FDB0050DD04 /* SDImageCache.m */ = {isa = PBXFileReference; fileEncoding = 4; lastKnownFileType = sourcecode.c.objc; path = SDImageCache.m; sourceTree = "<group>"; };
		DD78472E14BE8FDB0050DD04 /* SDImageCacheDelegate.h */ = {isa = PBXFileReference; fileEncoding = 4; lastKnownFileType = sourcecode.c.h; path = SDImageCacheDelegate.h; sourceTree = "<group>"; };
		DD78472F14BE8FDB0050DD04 /* SDWebImageCompat.h */ = {isa = PBXFileReference; fileEncoding = 4; lastKnownFileType = sourcecode.c.h; path = SDWebImageCompat.h; sourceTree = "<group>"; };
		DD78473014BE8FDB0050DD04 /* SDWebImageDecoder.h */ = {isa = PBXFileReference; fileEncoding = 4; lastKnownFileType = sourcecode.c.h; path = SDWebImageDecoder.h; sourceTree = "<group>"; };
		DD78473114BE8FDB0050DD04 /* SDWebImageDecoder.m */ = {isa = PBXFileReference; fileEncoding = 4; lastKnownFileType = sourcecode.c.objc; path = SDWebImageDecoder.m; sourceTree = "<group>"; };
		DD78473214BE8FDB0050DD04 /* SDWebImageDownloader.h */ = {isa = PBXFileReference; fileEncoding = 4; lastKnownFileType = sourcecode.c.h; path = SDWebImageDownloader.h; sourceTree = "<group>"; };
		DD78473314BE8FDB0050DD04 /* SDWebImageDownloader.m */ = {isa = PBXFileReference; fileEncoding = 4; lastKnownFileType = sourcecode.c.objc; path = SDWebImageDownloader.m; sourceTree = "<group>"; };
		DD78473414BE8FDB0050DD04 /* SDWebImageDownloaderDelegate.h */ = {isa = PBXFileReference; fileEncoding = 4; lastKnownFileType = sourcecode.c.h; path = SDWebImageDownloaderDelegate.h; sourceTree = "<group>"; };
		DD78473514BE8FDB0050DD04 /* SDWebImageManager.h */ = {isa = PBXFileReference; fileEncoding = 4; lastKnownFileType = sourcecode.c.h; path = SDWebImageManager.h; sourceTree = "<group>"; };
		DD78473614BE8FDB0050DD04 /* SDWebImageManager.m */ = {isa = PBXFileReference; fileEncoding = 4; lastKnownFileType = sourcecode.c.objc; path = SDWebImageManager.m; sourceTree = "<group>"; };
		DD78473714BE8FDB0050DD04 /* SDWebImageManagerDelegate.h */ = {isa = PBXFileReference; fileEncoding = 4; lastKnownFileType = sourcecode.c.h; path = SDWebImageManagerDelegate.h; sourceTree = "<group>"; };
		DD78473814BE8FDB0050DD04 /* SDWebImagePrefetcher.h */ = {isa = PBXFileReference; fileEncoding = 4; lastKnownFileType = sourcecode.c.h; path = SDWebImagePrefetcher.h; sourceTree = "<group>"; };
		DD78473914BE8FDB0050DD04 /* SDWebImagePrefetcher.m */ = {isa = PBXFileReference; fileEncoding = 4; lastKnownFileType = sourcecode.c.objc; path = SDWebImagePrefetcher.m; sourceTree = "<group>"; };
		DD78474014BE92E20050DD04 /* MBProgressHUD.h */ = {isa = PBXFileReference; fileEncoding = 4; lastKnownFileType = sourcecode.c.h; path = MBProgressHUD.h; sourceTree = "<group>"; };
		DD78474114BE92E20050DD04 /* MBProgressHUD.m */ = {isa = PBXFileReference; fileEncoding = 4; lastKnownFileType = sourcecode.c.objc; path = MBProgressHUD.m; sourceTree = "<group>"; };
		DD78474414BE92F00050DD04 /* 37x-Checkmark.png */ = {isa = PBXFileReference; lastKnownFileType = image.png; path = "37x-Checkmark.png"; sourceTree = "<group>"; };
		DD78474A14BEC0A20050DD04 /* SingleModel.h */ = {isa = PBXFileReference; fileEncoding = 4; lastKnownFileType = sourcecode.c.h; path = SingleModel.h; sourceTree = "<group>"; };
		DD78474B14BEC0A20050DD04 /* SingleModel.m */ = {isa = PBXFileReference; fileEncoding = 4; lastKnownFileType = sourcecode.c.objc; path = SingleModel.m; sourceTree = "<group>"; };
		DDE10A8B14BBD774006630F4 /* MyVeryLife.app */ = {isa = PBXFileReference; explicitFileType = wrapper.application; includeInIndex = 0; path = MyVeryLife.app; sourceTree = BUILT_PRODUCTS_DIR; };
		DDE10A8F14BBD774006630F4 /* UIKit.framework */ = {isa = PBXFileReference; lastKnownFileType = wrapper.framework; name = UIKit.framework; path = System/Library/Frameworks/UIKit.framework; sourceTree = SDKROOT; };
		DDE10A9114BBD774006630F4 /* Foundation.framework */ = {isa = PBXFileReference; lastKnownFileType = wrapper.framework; name = Foundation.framework; path = System/Library/Frameworks/Foundation.framework; sourceTree = SDKROOT; };
		DDE10A9314BBD774006630F4 /* CoreGraphics.framework */ = {isa = PBXFileReference; lastKnownFileType = wrapper.framework; name = CoreGraphics.framework; path = System/Library/Frameworks/CoreGraphics.framework; sourceTree = SDKROOT; };
		DDE10A9714BBD774006630F4 /* MyVeryLife-Info.plist */ = {isa = PBXFileReference; lastKnownFileType = text.plist.xml; path = "MyVeryLife-Info.plist"; sourceTree = "<group>"; };
		DDE10A9914BBD774006630F4 /* en */ = {isa = PBXFileReference; lastKnownFileType = text.plist.strings; name = en; path = en.lproj/InfoPlist.strings; sourceTree = "<group>"; };
		DDE10A9B14BBD774006630F4 /* main.m */ = {isa = PBXFileReference; lastKnownFileType = sourcecode.c.objc; path = main.m; sourceTree = "<group>"; };
		DDE10A9D14BBD774006630F4 /* MyVeryLife-Prefix.pch */ = {isa = PBXFileReference; lastKnownFileType = sourcecode.c.h; path = "MyVeryLife-Prefix.pch"; sourceTree = "<group>"; };
		DDE10A9E14BBD774006630F4 /* AppDelegate.h */ = {isa = PBXFileReference; lastKnownFileType = sourcecode.c.h; path = AppDelegate.h; sourceTree = "<group>"; };
		DDE10A9F14BBD774006630F4 /* AppDelegate.m */ = {isa = PBXFileReference; lastKnownFileType = sourcecode.c.objc; path = AppDelegate.m; sourceTree = "<group>"; };
		DDE10AA214BBD775006630F4 /* en */ = {isa = PBXFileReference; lastKnownFileType = file.storyboard; name = en; path = en.lproj/MainStoryboard.storyboard; sourceTree = "<group>"; };
		DDE10AA414BBD775006630F4 /* HomeTabController.h */ = {isa = PBXFileReference; lastKnownFileType = sourcecode.c.h; path = HomeTabController.h; sourceTree = "<group>"; };
		DDE10AA514BBD775006630F4 /* HomeTabController.m */ = {isa = PBXFileReference; lastKnownFileType = sourcecode.c.objc; path = HomeTabController.m; sourceTree = "<group>"; };
		DDE10AA714BBD775006630F4 /* first.png */ = {isa = PBXFileReference; lastKnownFileType = image.png; path = first.png; sourceTree = "<group>"; };
		DDE10AA914BBD775006630F4 /* first@2x.png */ = {isa = PBXFileReference; lastKnownFileType = image.png; path = "first@2x.png"; sourceTree = "<group>"; };
		DDE10AAB14BBD775006630F4 /* ProductTabController.h */ = {isa = PBXFileReference; lastKnownFileType = sourcecode.c.h; path = ProductTabController.h; sourceTree = "<group>"; };
		DDE10AAC14BBD775006630F4 /* ProductTabController.m */ = {isa = PBXFileReference; lastKnownFileType = sourcecode.c.objc; path = ProductTabController.m; sourceTree = "<group>"; };
		DDE10AAE14BBD775006630F4 /* second.png */ = {isa = PBXFileReference; lastKnownFileType = image.png; path = second.png; sourceTree = "<group>"; };
		DDE10AB014BBD775006630F4 /* second@2x.png */ = {isa = PBXFileReference; lastKnownFileType = image.png; path = "second@2x.png"; sourceTree = "<group>"; };
		DDE10ABB14BBDD0B006630F4 /* DetailInfo.h */ = {isa = PBXFileReference; fileEncoding = 4; lastKnownFileType = sourcecode.c.h; path = DetailInfo.h; sourceTree = "<group>"; };
		DDE10ABC14BBDD0B006630F4 /* DetailInfo.m */ = {isa = PBXFileReference; fileEncoding = 4; lastKnownFileType = sourcecode.c.objc; path = DetailInfo.m; sourceTree = "<group>"; };
		DDE10ABD14BBDD0B006630F4 /* DetailInfo.xib */ = {isa = PBXFileReference; fileEncoding = 4; lastKnownFileType = file.xib; path = DetailInfo.xib; sourceTree = "<group>"; };
		DDE10AC014BBDD20006630F4 /* DetailInfoWeb.h */ = {isa = PBXFileReference; fileEncoding = 4; lastKnownFileType = sourcecode.c.h; path = DetailInfoWeb.h; sourceTree = "<group>"; };
		DDE10AC114BBDD20006630F4 /* DetailInfoWeb.m */ = {isa = PBXFileReference; fileEncoding = 4; lastKnownFileType = sourcecode.c.objc; path = DetailInfoWeb.m; sourceTree = "<group>"; };
		DDE10AC214BBDD20006630F4 /* DetailInfoWeb.xib */ = {isa = PBXFileReference; fileEncoding = 4; lastKnownFileType = file.xib; path = DetailInfoWeb.xib; sourceTree = "<group>"; };
		DDE10AC514BBDD7F006630F4 /* DetailInfoImage.h */ = {isa = PBXFileReference; fileEncoding = 4; lastKnownFileType = sourcecode.c.h; path = DetailInfoImage.h; sourceTree = "<group>"; };
		DDE10AC614BBDD7F006630F4 /* DetailInfoImage.m */ = {isa = PBXFileReference; fileEncoding = 4; lastKnownFileType = sourcecode.c.objc; path = DetailInfoImage.m; sourceTree = "<group>"; };
		DDE10AC714BBDD7F006630F4 /* DetailInfoImage.xib */ = {isa = PBXFileReference; fileEncoding = 4; lastKnownFileType = file.xib; path = DetailInfoImage.xib; sourceTree = "<group>"; };
		DDE10ACB14BBDE89006630F4 /* SearchTabController.h */ = {isa = PBXFileReference; fileEncoding = 4; lastKnownFileType = sourcecode.c.h; path = SearchTabController.h; sourceTree = "<group>"; };
		DDE10ACC14BBDE89006630F4 /* SearchTabController.m */ = {isa = PBXFileReference; fileEncoding = 4; lastKnownFileType = sourcecode.c.objc; path = SearchTabController.m; sourceTree = "<group>"; };
		DDE10ACE14BBDE9E006630F4 /* EventTabController.h */ = {isa = PBXFileReference; fileEncoding = 4; lastKnownFileType = sourcecode.c.h; path = EventTabController.h; sourceTree = "<group>"; };
		DDE10ACF14BBDE9E006630F4 /* EventTabController.m */ = {isa = PBXFileReference; fileEncoding = 4; lastKnownFileType = sourcecode.c.objc; path = EventTabController.m; sourceTree = "<group>"; };
		DDE10AD114BBDEB3006630F4 /* SettingTabController.h */ = {isa = PBXFileReference; fileEncoding = 4; lastKnownFileType = sourcecode.c.h; path = SettingTabController.h; sourceTree = "<group>"; };
		DDE10AD214BBDEB3006630F4 /* SettingTabController.m */ = {isa = PBXFileReference; fileEncoding = 4; lastKnownFileType = sourcecode.c.objc; path = SettingTabController.m; sourceTree = "<group>"; };
		DDECFA4A14BD6B2800477A45 /* 1933_1.jpg */ = {isa = PBXFileReference; lastKnownFileType = image.jpeg; path = 1933_1.jpg; sourceTree = "<group>"; };
		DDECFA4B14BD6B2800477A45 /* 1933_2.jpg */ = {isa = PBXFileReference; lastKnownFileType = image.jpeg; path = 1933_2.jpg; sourceTree = "<group>"; };
		DDECFA4C14BD6B2800477A45 /* 1933_3.jpg */ = {isa = PBXFileReference; lastKnownFileType = image.jpeg; path = 1933_3.jpg; sourceTree = "<group>"; };
		DDECFA4D14BD6B2800477A45 /* 1933_4.jpg */ = {isa = PBXFileReference; lastKnownFileType = image.jpeg; path = 1933_4.jpg; sourceTree = "<group>"; };
		DDECFA4E14BD6B2900477A45 /* 1933_5.jpg */ = {isa = PBXFileReference; lastKnownFileType = image.jpeg; path = 1933_5.jpg; sourceTree = "<group>"; };
		DDECFA5414BD6B7400477A45 /* PagePhotosDataSource.h */ = {isa = PBXFileReference; fileEncoding = 4; lastKnownFileType = sourcecode.c.h; name = PagePhotosDataSource.h; path = MyVeryLife/PagePhotosDataSource.h; sourceTree = "<group>"; };
		DDECFA5514BD6B7400477A45 /* PagePhotosView.h */ = {isa = PBXFileReference; fileEncoding = 4; lastKnownFileType = sourcecode.c.h; name = PagePhotosView.h; path = MyVeryLife/PagePhotosView.h; sourceTree = "<group>"; };
		DDECFA5614BD6B7400477A45 /* PagePhotosView.m */ = {isa = PBXFileReference; fileEncoding = 4; lastKnownFileType = sourcecode.c.objc; name = PagePhotosView.m; path = MyVeryLife/PagePhotosView.m; sourceTree = "<group>"; };
/* End PBXFileReference section */

/* Begin PBXFrameworksBuildPhase section */
		DDE10A8814BBD774006630F4 /* Frameworks */ = {
			isa = PBXFrameworksBuildPhase;
			buildActionMask = 2147483647;
			files = (
				DD66CF3114BE85CD004D127C /* SystemConfiguration.framework in Frameworks */,
				DDE10A9014BBD774006630F4 /* UIKit.framework in Frameworks */,
				DDE10A9214BBD774006630F4 /* Foundation.framework in Frameworks */,
				DDE10A9414BBD774006630F4 /* CoreGraphics.framework in Frameworks */,
			);
			runOnlyForDeploymentPostprocessing = 0;
		};
/* End PBXFrameworksBuildPhase section */

/* Begin PBXGroup section */
		DD78470114BE86FA0050DD04 /* Taobao */ = {
			isa = PBXGroup;
			children = (
				DD78470214BE87A00050DD04 /* CommentModel.h */,
				DD78470314BE87A00050DD04 /* CommentModel.m */,
				DD78470414BE87A00050DD04 /* Constants.h */,
				DD78470514BE87A00050DD04 /* ItemCategoryModel.h */,
				DD78470614BE87A00050DD04 /* ItemCategoryModel.m */,
				DD78470714BE87A00050DD04 /* ItemProductModel.h */,
				DD78470814BE87A00050DD04 /* ItemProductModel.m */,
				DD78470914BE87A00050DD04 /* Utility.h */,
				DD78470A14BE87A00050DD04 /* Utility.m */,
				DD78474A14BEC0A20050DD04 /* SingleModel.h */,
				DD78474B14BEC0A20050DD04 /* SingleModel.m */,
			);
			name = Taobao;
			sourceTree = "<group>";
		};
		DD78472A14BE8FDB0050DD04 /* Lib */ = {
			isa = PBXGroup;
			children = (
				DD78473F14BE92E20050DD04 /* HUB */,
				DD78472B14BE8FDB0050DD04 /* SDWebImage */,
			);
			path = Lib;
			sourceTree = "<group>";
		};
		DD78472B14BE8FDB0050DD04 /* SDWebImage */ = {
			isa = PBXGroup;
			children = (
				DD78472C14BE8FDB0050DD04 /* SDImageCache.h */,
				DD78472D14BE8FDB0050DD04 /* SDImageCache.m */,
				DD78472E14BE8FDB0050DD04 /* SDImageCacheDelegate.h */,
				DD78472F14BE8FDB0050DD04 /* SDWebImageCompat.h */,
				DD78473014BE8FDB0050DD04 /* SDWebImageDecoder.h */,
				DD78473114BE8FDB0050DD04 /* SDWebImageDecoder.m */,
				DD78473214BE8FDB0050DD04 /* SDWebImageDownloader.h */,
				DD78473314BE8FDB0050DD04 /* SDWebImageDownloader.m */,
				DD78473414BE8FDB0050DD04 /* SDWebImageDownloaderDelegate.h */,
				DD78473514BE8FDB0050DD04 /* SDWebImageManager.h */,
				DD78473614BE8FDB0050DD04 /* SDWebImageManager.m */,
				DD78473714BE8FDB0050DD04 /* SDWebImageManagerDelegate.h */,
				DD78473814BE8FDB0050DD04 /* SDWebImagePrefetcher.h */,
				DD78473914BE8FDB0050DD04 /* SDWebImagePrefetcher.m */,
			);
			path = SDWebImage;
			sourceTree = "<group>";
		};
		DD78473F14BE92E20050DD04 /* HUB */ = {
			isa = PBXGroup;
			children = (
				DD78474014BE92E20050DD04 /* MBProgressHUD.h */,
				DD78474114BE92E20050DD04 /* MBProgressHUD.m */,
			);
			path = HUB;
			sourceTree = "<group>";
		};
		DD78474314BE92F00050DD04 /* Res */ = {
			isa = PBXGroup;
			children = (
				DD78474414BE92F00050DD04 /* 37x-Checkmark.png */,
			);
			path = Res;
			sourceTree = "<group>";
		};
		DDE10A8014BBD774006630F4 = {
			isa = PBXGroup;
			children = (
				DDECFA5414BD6B7400477A45 /* PagePhotosDataSource.h */,
				DDECFA5514BD6B7400477A45 /* PagePhotosView.h */,
				DDECFA5614BD6B7400477A45 /* PagePhotosView.m */,
				DDE10A9514BBD774006630F4 /* MyVeryLife */,
				DDE10A8E14BBD774006630F4 /* Frameworks */,
				DDE10A8C14BBD774006630F4 /* Products */,
			);
			sourceTree = "<group>";
		};
		DDE10A8C14BBD774006630F4 /* Products */ = {
			isa = PBXGroup;
			children = (
				DDE10A8B14BBD774006630F4 /* MyVeryLife.app */,
			);
			name = Products;
			sourceTree = "<group>";
		};
		DDE10A8E14BBD774006630F4 /* Frameworks */ = {
			isa = PBXGroup;
			children = (
				DD66CF3014BE85CD004D127C /* SystemConfiguration.framework */,
				DDE10A8F14BBD774006630F4 /* UIKit.framework */,
				DDE10A9114BBD774006630F4 /* Foundation.framework */,
				DDE10A9314BBD774006630F4 /* CoreGraphics.framework */,
			);
			name = Frameworks;
			sourceTree = "<group>";
		};
		DDE10A9514BBD774006630F4 /* MyVeryLife */ = {
			isa = PBXGroup;
			children = (
				DD78474314BE92F00050DD04 /* Res */,
				DD78472A14BE8FDB0050DD04 /* Lib */,
				DD78470114BE86FA0050DD04 /* Taobao */,
				DDE10A9E14BBD774006630F4 /* AppDelegate.h */,
				DDE10A9F14BBD774006630F4 /* AppDelegate.m */,
				DDE10AA114BBD775006630F4 /* MainStoryboard.storyboard */,
				DDE10ACA14BBDD92006630F4 /* DetailInfo */,
				DDE10AD514BBDEE2006630F4 /* NavController */,
				DDE10AD414BBDEC8006630F4 /* Resource */,
				DDE10A9614BBD774006630F4 /* Supporting Files */,
			);
			path = MyVeryLife;
			sourceTree = "<group>";
		};
		DDE10A9614BBD774006630F4 /* Supporting Files */ = {
			isa = PBXGroup;
			children = (
				DDE10A9714BBD774006630F4 /* MyVeryLife-Info.plist */,
				DDE10A9814BBD774006630F4 /* InfoPlist.strings */,
				DDE10A9B14BBD774006630F4 /* main.m */,
				DDE10A9D14BBD774006630F4 /* MyVeryLife-Prefix.pch */,
			);
			name = "Supporting Files";
			sourceTree = "<group>";
		};
		DDE10ACA14BBDD92006630F4 /* DetailInfo */ = {
			isa = PBXGroup;
			children = (
				DDE10ABB14BBDD0B006630F4 /* DetailInfo.h */,
				DDE10AC014BBDD20006630F4 /* DetailInfoWeb.h */,
				DDE10AC514BBDD7F006630F4 /* DetailInfoImage.h */,
				DDE10AC614BBDD7F006630F4 /* DetailInfoImage.m */,
				DDE10AC714BBDD7F006630F4 /* DetailInfoImage.xib */,
				DDE10AC114BBDD20006630F4 /* DetailInfoWeb.m */,
				DDE10AC214BBDD20006630F4 /* DetailInfoWeb.xib */,
				DDE10ABC14BBDD0B006630F4 /* DetailInfo.m */,
				DDE10ABD14BBDD0B006630F4 /* DetailInfo.xib */,
			);
			name = DetailInfo;
			sourceTree = "<group>";
		};
		DDE10AD414BBDEC8006630F4 /* Resource */ = {
			isa = PBXGroup;
			children = (
				DDECFA4A14BD6B2800477A45 /* 1933_1.jpg */,
				DDECFA4B14BD6B2800477A45 /* 1933_2.jpg */,
				DDECFA4C14BD6B2800477A45 /* 1933_3.jpg */,
				DDECFA4D14BD6B2800477A45 /* 1933_4.jpg */,
				DDECFA4E14BD6B2900477A45 /* 1933_5.jpg */,
				DDE10AA714BBD775006630F4 /* first.png */,
				DDE10AA914BBD775006630F4 /* first@2x.png */,
				DDE10AAE14BBD775006630F4 /* second.png */,
				DDE10AB014BBD775006630F4 /* second@2x.png */,
			);
			name = Resource;
			sourceTree = "<group>";
		};
		DDE10AD514BBDEE2006630F4 /* NavController */ = {
			isa = PBXGroup;
			children = (
				DDE10AA414BBD775006630F4 /* HomeTabController.h */,
				DDE10AA514BBD775006630F4 /* HomeTabController.m */,
				DDE10AAB14BBD775006630F4 /* ProductTabController.h */,
				DDE10AAC14BBD775006630F4 /* ProductTabController.m */,
				DDE10ACB14BBDE89006630F4 /* SearchTabController.h */,
				DDE10ACC14BBDE89006630F4 /* SearchTabController.m */,
				DDE10ACE14BBDE9E006630F4 /* EventTabController.h */,
				DDE10ACF14BBDE9E006630F4 /* EventTabController.m */,
				DDE10AD114BBDEB3006630F4 /* SettingTabController.h */,
				DDE10AD214BBDEB3006630F4 /* SettingTabController.m */,
			);
			name = NavController;
			sourceTree = "<group>";
		};
/* End PBXGroup section */

/* Begin PBXNativeTarget section */
		DDE10A8A14BBD774006630F4 /* MyVeryLife */ = {
			isa = PBXNativeTarget;
			buildConfigurationList = DDE10AB414BBD775006630F4 /* Build configuration list for PBXNativeTarget "MyVeryLife" */;
			buildPhases = (
				DDE10A8714BBD774006630F4 /* Sources */,
				DDE10A8814BBD774006630F4 /* Frameworks */,
				DDE10A8914BBD774006630F4 /* Resources */,
			);
			buildRules = (
			);
			dependencies = (
			);
			name = MyVeryLife;
			productName = MyVeryLife;
			productReference = DDE10A8B14BBD774006630F4 /* MyVeryLife.app */;
			productType = "com.apple.product-type.application";
		};
/* End PBXNativeTarget section */

/* Begin PBXProject section */
		DDE10A8214BBD774006630F4 /* Project object */ = {
			isa = PBXProject;
			attributes = {
				LastUpgradeCheck = 0420;
			};
			buildConfigurationList = DDE10A8514BBD774006630F4 /* Build configuration list for PBXProject "MyVeryLife" */;
			compatibilityVersion = "Xcode 3.2";
			developmentRegion = English;
			hasScannedForEncodings = 0;
			knownRegions = (
				en,
			);
			mainGroup = DDE10A8014BBD774006630F4;
			productRefGroup = DDE10A8C14BBD774006630F4 /* Products */;
			projectDirPath = "";
			projectRoot = "";
			targets = (
				DDE10A8A14BBD774006630F4 /* MyVeryLife */,
			);
		};
/* End PBXProject section */

/* Begin PBXResourcesBuildPhase section */
		DDE10A8914BBD774006630F4 /* Resources */ = {
			isa = PBXResourcesBuildPhase;
			buildActionMask = 2147483647;
			files = (
				DDE10A9A14BBD774006630F4 /* InfoPlist.strings in Resources */,
				DDE10AA314BBD775006630F4 /* MainStoryboard.storyboard in Resources */,
				DDE10AA814BBD775006630F4 /* first.png in Resources */,
				DDE10AAA14BBD775006630F4 /* first@2x.png in Resources */,
				DDE10AAF14BBD775006630F4 /* second.png in Resources */,
				DDE10AB114BBD775006630F4 /* second@2x.png in Resources */,
				DDE10ABF14BBDD0B006630F4 /* DetailInfo.xib in Resources */,
				DDE10AC414BBDD20006630F4 /* DetailInfoWeb.xib in Resources */,
				DDE10AC914BBDD7F006630F4 /* DetailInfoImage.xib in Resources */,
				DDECFA4F14BD6B2900477A45 /* 1933_1.jpg in Resources */,
				DDECFA5014BD6B2900477A45 /* 1933_2.jpg in Resources */,
				DDECFA5114BD6B2900477A45 /* 1933_3.jpg in Resources */,
				DDECFA5214BD6B2900477A45 /* 1933_4.jpg in Resources */,
				DDECFA5314BD6B2900477A45 /* 1933_5.jpg in Resources */,
				DD78474514BE92F00050DD04 /* 37x-Checkmark.png in Resources */,
			);
			runOnlyForDeploymentPostprocessing = 0;
		};
/* End PBXResourcesBuildPhase section */

/* Begin PBXSourcesBuildPhase section */
		DDE10A8714BBD774006630F4 /* Sources */ = {
			isa = PBXSourcesBuildPhase;
			buildActionMask = 2147483647;
			files = (
				DDE10A9C14BBD774006630F4 /* main.m in Sources */,
				DDE10AA014BBD774006630F4 /* AppDelegate.m in Sources */,
				DDE10AA614BBD775006630F4 /* HomeTabController.m in Sources */,
				DDE10AAD14BBD775006630F4 /* ProductTabController.m in Sources */,
				DDE10ABE14BBDD0B006630F4 /* DetailInfo.m in Sources */,
				DDE10AC314BBDD20006630F4 /* DetailInfoWeb.m in Sources */,
				DDE10AC814BBDD7F006630F4 /* DetailInfoImage.m in Sources */,
				DDE10ACD14BBDE89006630F4 /* SearchTabController.m in Sources */,
				DDE10AD014BBDE9E006630F4 /* EventTabController.m in Sources */,
				DDE10AD314BBDEB3006630F4 /* SettingTabController.m in Sources */,
				DDECFA5714BD6B7400477A45 /* PagePhotosView.m in Sources */,
				DD78470B14BE87A00050DD04 /* CommentModel.m in Sources */,
				DD78470C14BE87A00050DD04 /* ItemCategoryModel.m in Sources */,
				DD78470D14BE87A00050DD04 /* ItemProductModel.m in Sources */,
				DD78470E14BE87A00050DD04 /* Utility.m in Sources */,
				DD78473A14BE8FDB0050DD04 /* SDImageCache.m in Sources */,
				DD78473B14BE8FDB0050DD04 /* SDWebImageDecoder.m in Sources */,
				DD78473C14BE8FDB0050DD04 /* SDWebImageDownloader.m in Sources */,
				DD78473D14BE8FDB0050DD04 /* SDWebImageManager.m in Sources */,
				DD78473E14BE8FDB0050DD04 /* SDWebImagePrefetcher.m in Sources */,
				DD78474214BE92E20050DD04 /* MBProgressHUD.m in Sources */,
				DD78474C14BEC0A20050DD04 /* SingleModel.m in Sources */,
			);
			runOnlyForDeploymentPostprocessing = 0;
		};
/* End PBXSourcesBuildPhase section */

/* Begin PBXVariantGroup section */
		DDE10A9814BBD774006630F4 /* InfoPlist.strings */ = {
			isa = PBXVariantGroup;
			children = (
				DDE10A9914BBD774006630F4 /* en */,
			);
			name = InfoPlist.strings;
			sourceTree = "<group>";
		};
		DDE10AA114BBD775006630F4 /* MainStoryboard.storyboard */ = {
			isa = PBXVariantGroup;
			children = (
				DDE10AA214BBD775006630F4 /* en */,
			);
			name = MainStoryboard.storyboard;
			sourceTree = "<group>";
		};
/* End PBXVariantGroup section */

/* Begin XCBuildConfiguration section */
		DDE10AB214BBD775006630F4 /* Debug */ = {
			isa = XCBuildConfiguration;
			buildSettings = {
				ALWAYS_SEARCH_USER_PATHS = NO;
				ARCHS = "$(ARCHS_STANDARD_32_BIT)";
				CLANG_ENABLE_OBJC_ARC = YES;
				"CODE_SIGN_IDENTITY[sdk=iphoneos*]" = "iPhone Developer";
				COPY_PHASE_STRIP = NO;
				GCC_C_LANGUAGE_STANDARD = gnu99;
				GCC_DYNAMIC_NO_PIC = NO;
				GCC_OPTIMIZATION_LEVEL = 0;
				GCC_PREPROCESSOR_DEFINITIONS = (
					"DEBUG=1",
					"$(inherited)",
				);
				GCC_SYMBOLS_PRIVATE_EXTERN = NO;
				GCC_VERSION = com.apple.compilers.llvm.clang.1_0;
				GCC_WARN_ABOUT_MISSING_PROTOTYPES = YES;
				GCC_WARN_ABOUT_RETURN_TYPE = YES;
				GCC_WARN_UNUSED_VARIABLE = YES;
				IPHONEOS_DEPLOYMENT_TARGET = 5.0;
				SDKROOT = iphoneos;
			};
			name = Debug;
		};
		DDE10AB314BBD775006630F4 /* Release */ = {
			isa = XCBuildConfiguration;
			buildSettings = {
				ALWAYS_SEARCH_USER_PATHS = NO;
				ARCHS = "$(ARCHS_STANDARD_32_BIT)";
				CLANG_ENABLE_OBJC_ARC = YES;
				"CODE_SIGN_IDENTITY[sdk=iphoneos*]" = "iPhone Developer";
				COPY_PHASE_STRIP = YES;
				GCC_C_LANGUAGE_STANDARD = gnu99;
				GCC_VERSION = com.apple.compilers.llvm.clang.1_0;
				GCC_WARN_ABOUT_MISSING_PROTOTYPES = YES;
				GCC_WARN_ABOUT_RETURN_TYPE = YES;
				GCC_WARN_UNUSED_VARIABLE = YES;
				IPHONEOS_DEPLOYMENT_TARGET = 5.0;
				OTHER_CFLAGS = "-DNS_BLOCK_ASSERTIONS=1";
				SDKROOT = iphoneos;
				VALIDATE_PRODUCT = YES;
			};
			name = Release;
		};
		DDE10AB514BBD775006630F4 /* Debug */ = {
			isa = XCBuildConfiguration;
			buildSettings = {
				GCC_PRECOMPILE_PREFIX_HEADER = YES;
				GCC_PREFIX_HEADER = "MyVeryLife/MyVeryLife-Prefix.pch";
				INFOPLIST_FILE = "MyVeryLife/MyVeryLife-Info.plist";
				PRODUCT_NAME = "$(TARGET_NAME)";
				WRAPPER_EXTENSION = app;
			};
			name = Debug;
		};
		DDE10AB614BBD775006630F4 /* Release */ = {
			isa = XCBuildConfiguration;
			buildSettings = {
				GCC_PRECOMPILE_PREFIX_HEADER = YES;
				GCC_PREFIX_HEADER = "MyVeryLife/MyVeryLife-Prefix.pch";
				INFOPLIST_FILE = "MyVeryLife/MyVeryLife-Info.plist";
				PRODUCT_NAME = "$(TARGET_NAME)";
				WRAPPER_EXTENSION = app;
			};
			name = Release;
		};
/* End XCBuildConfiguration section */

/* Begin XCConfigurationList section */
		DDE10A8514BBD774006630F4 /* Build configuration list for PBXProject "MyVeryLife" */ = {
			isa = XCConfigurationList;
			buildConfigurations = (
				DDE10AB214BBD775006630F4 /* Debug */,
				DDE10AB314BBD775006630F4 /* Release */,
			);
			defaultConfigurationIsVisible = 0;
			defaultConfigurationName = Release;
		};
		DDE10AB414BBD775006630F4 /* Build configuration list for PBXNativeTarget "MyVeryLife" */ = {
			isa = XCConfigurationList;
			buildConfigurations = (
				DDE10AB514BBD775006630F4 /* Debug */,
				DDE10AB614BBD775006630F4 /* Release */,
			);
			defaultConfigurationIsVisible = 0;
			defaultConfigurationName = Release;
		};
/* End XCConfigurationList section */
	};
	rootObject = DDE10A8214BBD774006630F4 /* Project object */;
}
