// !$*UTF8*$!
{
	archiveVersion = 1;
	classes = {
	};
	objectVersion = 46;
	objects = {

/* Begin PBXBuildFile section */
		DD35550314E9EAE00041E9BA /* ProductCell.m in Sources */ = {isa = PBXBuildFile; fileRef = DD35550214E9EAE00041E9BA /* ProductCell.m */; };
		DD35550914E9EBEC0041E9BA /* ProductCell.xib in Resources */ = {isa = PBXBuildFile; fileRef = DD35550814E9EBEC0041E9BA /* ProductCell.xib */; };
		DD66CF3114BE85CD004D127C /* SystemConfiguration.framework in Frameworks */ = {isa = PBXBuildFile; fileRef = DD66CF3014BE85CD004D127C /* SystemConfiguration.framework */; };
		DD78470B14BE87A00050DD04 /* CommentModel.m in Sources */ = {isa = PBXBuildFile; fileRef = DD78470314BE87A00050DD04 /* CommentModel.m */; };
		DD78470C14BE87A00050DD04 /* ItemCategoryModel.m in Sources */ = {isa = PBXBuildFile; fileRef = DD78470614BE87A00050DD04 /* ItemCategoryModel.m */; };
		DD78470D14BE87A00050DD04 /* ItemProductModel.m in Sources */ = {isa = PBXBuildFile; fileRef = DD78470814BE87A00050DD04 /* ItemProductModel.m */; };
		DD78470E14BE87A00050DD04 /* Utility.m in Sources */ = {isa = PBXBuildFile; fileRef = DD78470A14BE87A00050DD04 /* Utility.m */; settings = {COMPILER_FLAGS = "-fno-objc-arc"; }; };
		DD78473A14BE8FDB0050DD04 /* SDImageCache.m in Sources */ = {isa = PBXBuildFile; fileRef = DD78472D14BE8FDB0050DD04 /* SDImageCache.m */; settings = {COMPILER_FLAGS = "-fno-objc-arc"; }; };
		DD78473B14BE8FDB0050DD04 /* SDWebImageDecoder.m in Sources */ = {isa = PBXBuildFile; fileRef = DD78473114BE8FDB0050DD04 /* SDWebImageDecoder.m */; settings = {COMPILER_FLAGS = "-fno-objc-arc"; }; };
		DD78473C14BE8FDB0050DD04 /* SDWebImageDownloader.m in Sources */ = {isa = PBXBuildFile; fileRef = DD78473314BE8FDB0050DD04 /* SDWebImageDownloader.m */; settings = {COMPILER_FLAGS = "-fno-objc-arc"; }; };
		DD78473D14BE8FDB0050DD04 /* SDWebImageManager.m in Sources */ = {isa = PBXBuildFile; fileRef = DD78473614BE8FDB0050DD04 /* SDWebImageManager.m */; settings = {COMPILER_FLAGS = "-fno-objc-arc"; }; };
		DD78473E14BE8FDB0050DD04 /* SDWebImagePrefetcher.m in Sources */ = {isa = PBXBuildFile; fileRef = DD78473914BE8FDB0050DD04 /* SDWebImagePrefetcher.m */; settings = {COMPILER_FLAGS = "-fno-objc-arc"; }; };
		DD78474214BE92E20050DD04 /* MBProgressHUD.m in Sources */ = {isa = PBXBuildFile; fileRef = DD78474114BE92E20050DD04 /* MBProgressHUD.m */; settings = {COMPILER_FLAGS = "-fno-objc-arc"; }; };
		DD78474514BE92F00050DD04 /* 37x-Checkmark.png in Resources */ = {isa = PBXBuildFile; fileRef = DD78474414BE92F00050DD04 /* 37x-Checkmark.png */; };
		DD78474C14BEC0A20050DD04 /* SingleModel.m in Sources */ = {isa = PBXBuildFile; fileRef = DD78474B14BEC0A20050DD04 /* SingleModel.m */; };
		DD7F61B614C56C7600BE0E85 /* Default@2x.png in Resources */ = {isa = PBXBuildFile; fileRef = DD7F61B514C56C7600BE0E85 /* Default@2x.png */; };
		DD83F32E14FF22BC00C62A7D /* StartViewController.m in Sources */ = {isa = PBXBuildFile; fileRef = DD83F32D14FF22BC00C62A7D /* StartViewController.m */; };
		DD83F36614FF559500C62A7D /* blackArrow.png in Resources */ = {isa = PBXBuildFile; fileRef = DD83F35C14FF559500C62A7D /* blackArrow.png */; };
		DD83F36714FF559500C62A7D /* blackArrow@2x.png in Resources */ = {isa = PBXBuildFile; fileRef = DD83F35D14FF559500C62A7D /* blackArrow@2x.png */; };
		DD83F36814FF559500C62A7D /* blueArrow.png in Resources */ = {isa = PBXBuildFile; fileRef = DD83F35E14FF559500C62A7D /* blueArrow.png */; };
		DD83F36914FF559500C62A7D /* blueArrow@2x.png in Resources */ = {isa = PBXBuildFile; fileRef = DD83F35F14FF559500C62A7D /* blueArrow@2x.png */; };
		DD83F36A14FF559500C62A7D /* EGORefreshTableHeaderView.m in Sources */ = {isa = PBXBuildFile; fileRef = DD83F36114FF559500C62A7D /* EGORefreshTableHeaderView.m */; settings = {COMPILER_FLAGS = "-fno-objc-arc"; }; };
		DD83F36B14FF559500C62A7D /* grayArrow.png in Resources */ = {isa = PBXBuildFile; fileRef = DD83F36214FF559500C62A7D /* grayArrow.png */; };
		DD83F36C14FF559500C62A7D /* grayArrow@2x.png in Resources */ = {isa = PBXBuildFile; fileRef = DD83F36314FF559500C62A7D /* grayArrow@2x.png */; };
		DD83F36D14FF559500C62A7D /* whiteArrow.png in Resources */ = {isa = PBXBuildFile; fileRef = DD83F36414FF559500C62A7D /* whiteArrow.png */; };
		DD83F36E14FF559500C62A7D /* whiteArrow@2x.png in Resources */ = {isa = PBXBuildFile; fileRef = DD83F36514FF559500C62A7D /* whiteArrow@2x.png */; };
		DD83F37114FF5D3E00C62A7D /* IIDate.m in Sources */ = {isa = PBXBuildFile; fileRef = DD83F37014FF5D3E00C62A7D /* IIDate.m */; settings = {COMPILER_FLAGS = "-fno-objc-arc"; }; };
		DD83F37314FF5DD000C62A7D /* QuartzCore.framework in Frameworks */ = {isa = PBXBuildFile; fileRef = DD83F37214FF5DD000C62A7D /* QuartzCore.framework */; };
		DD83F37514FFB00D00C62A7D /* Icon.png in Resources */ = {isa = PBXBuildFile; fileRef = DD83F37414FFB00D00C62A7D /* Icon.png */; };
		DD83F37614FFB74C00C62A7D /* Default.png in Resources */ = {isa = PBXBuildFile; fileRef = DD7F61B814C56C8000BE0E85 /* Default.png */; };
		DD83F37914FFC14800C62A7D /* bg.png in Resources */ = {isa = PBXBuildFile; fileRef = DD83F37714FFC14800C62A7D /* bg.png */; };
		DD83F37A14FFC14800C62A7D /* New.jpg in Resources */ = {isa = PBXBuildFile; fileRef = DD83F37814FFC14800C62A7D /* New.jpg */; };
		DD83F37D14FFC8E600C62A7D /* btnBlue.png in Resources */ = {isa = PBXBuildFile; fileRef = DD83F37B14FFC8E600C62A7D /* btnBlue.png */; };
		DD83F37E14FFC8E600C62A7D /* btnOrange.png in Resources */ = {isa = PBXBuildFile; fileRef = DD83F37C14FFC8E600C62A7D /* btnOrange.png */; };
		DDCBC3FD14C32CA10086D6C3 /* UIImageView+WebCache.m in Sources */ = {isa = PBXBuildFile; fileRef = DDCBC3FC14C32CA10086D6C3 /* UIImageView+WebCache.m */; settings = {COMPILER_FLAGS = "-fno-objc-arc"; }; };
		DDCBC40114C3C17B0086D6C3 /* UIScrollView+TouchScroll.m in Sources */ = {isa = PBXBuildFile; fileRef = DDCBC40014C3C17B0086D6C3 /* UIScrollView+TouchScroll.m */; settings = {COMPILER_FLAGS = "-fno-objc-arc"; }; };
		DDCBC40514C3CD6D0086D6C3 /* TestTableView.m in Sources */ = {isa = PBXBuildFile; fileRef = DDCBC40314C3CD6D0086D6C3 /* TestTableView.m */; };
		DDCBC40614C3CD6D0086D6C3 /* TestTableView.xib in Resources */ = {isa = PBXBuildFile; fileRef = DDCBC40414C3CD6D0086D6C3 /* TestTableView.xib */; };
		DDCBC40C14C475F70086D6C3 /* hold.png in Resources */ = {isa = PBXBuildFile; fileRef = DDCBC40B14C475F70086D6C3 /* hold.png */; };
		DDCBC41C14C538A10086D6C3 /* CommentController.m in Sources */ = {isa = PBXBuildFile; fileRef = DDCBC41A14C538A00086D6C3 /* CommentController.m */; };
		DDCBC41D14C538A10086D6C3 /* CommentController.xib in Resources */ = {isa = PBXBuildFile; fileRef = DDCBC41B14C538A10086D6C3 /* CommentController.xib */; };
		DDCBC42214C53A1D0086D6C3 /* CommentCell.m in Sources */ = {isa = PBXBuildFile; fileRef = DDCBC42014C53A1D0086D6C3 /* CommentCell.m */; };
		DDCBC42314C53A1D0086D6C3 /* CommentCell.xib in Resources */ = {isa = PBXBuildFile; fileRef = DDCBC42114C53A1D0086D6C3 /* CommentCell.xib */; };
		DDE10A9014BBD774006630F4 /* UIKit.framework in Frameworks */ = {isa = PBXBuildFile; fileRef = DDE10A8F14BBD774006630F4 /* UIKit.framework */; };
		DDE10A9214BBD774006630F4 /* Foundation.framework in Frameworks */ = {isa = PBXBuildFile; fileRef = DDE10A9114BBD774006630F4 /* Foundation.framework */; };
		DDE10A9414BBD774006630F4 /* CoreGraphics.framework in Frameworks */ = {isa = PBXBuildFile; fileRef = DDE10A9314BBD774006630F4 /* CoreGraphics.framework */; };
		DDE10A9A14BBD774006630F4 /* InfoPlist.strings in Resources */ = {isa = PBXBuildFile; fileRef = DDE10A9814BBD774006630F4 /* InfoPlist.strings */; };
		DDE10A9C14BBD774006630F4 /* main.m in Sources */ = {isa = PBXBuildFile; fileRef = DDE10A9B14BBD774006630F4 /* main.m */; };
		DDE10AA014BBD774006630F4 /* AppDelegate.m in Sources */ = {isa = PBXBuildFile; fileRef = DDE10A9F14BBD774006630F4 /* AppDelegate.m */; };
		DDE10AA314BBD775006630F4 /* MainStoryboard.storyboard in Resources */ = {isa = PBXBuildFile; fileRef = DDE10AA114BBD775006630F4 /* MainStoryboard.storyboard */; };
		DDE10AA614BBD775006630F4 /* HomeTabController.m in Sources */ = {isa = PBXBuildFile; fileRef = DDE10AA514BBD775006630F4 /* HomeTabController.m */; };
		DDE10AA814BBD775006630F4 /* first.png in Resources */ = {isa = PBXBuildFile; fileRef = DDE10AA714BBD775006630F4 /* first.png */; };
		DDE10AAA14BBD775006630F4 /* first@2x.png in Resources */ = {isa = PBXBuildFile; fileRef = DDE10AA914BBD775006630F4 /* first@2x.png */; };
		DDE10AAD14BBD775006630F4 /* ProductTabController.m in Sources */ = {isa = PBXBuildFile; fileRef = DDE10AAC14BBD775006630F4 /* ProductTabController.m */; };
		DDE10AAF14BBD775006630F4 /* second.png in Resources */ = {isa = PBXBuildFile; fileRef = DDE10AAE14BBD775006630F4 /* second.png */; };
		DDE10AB114BBD775006630F4 /* second@2x.png in Resources */ = {isa = PBXBuildFile; fileRef = DDE10AB014BBD775006630F4 /* second@2x.png */; };
		DDE10ABE14BBDD0B006630F4 /* DetailInfo.m in Sources */ = {isa = PBXBuildFile; fileRef = DDE10ABC14BBDD0B006630F4 /* DetailInfo.m */; };
		DDE10ABF14BBDD0B006630F4 /* DetailInfo.xib in Resources */ = {isa = PBXBuildFile; fileRef = DDE10ABD14BBDD0B006630F4 /* DetailInfo.xib */; };
		DDE10AC314BBDD20006630F4 /* DetailInfoWeb.m in Sources */ = {isa = PBXBuildFile; fileRef = DDE10AC114BBDD20006630F4 /* DetailInfoWeb.m */; };
		DDE10AC414BBDD20006630F4 /* DetailInfoWeb.xib in Resources */ = {isa = PBXBuildFile; fileRef = DDE10AC214BBDD20006630F4 /* DetailInfoWeb.xib */; };
		DDE10AC814BBDD7F006630F4 /* DetailInfoImage.m in Sources */ = {isa = PBXBuildFile; fileRef = DDE10AC614BBDD7F006630F4 /* DetailInfoImage.m */; };
		DDE10AC914BBDD7F006630F4 /* DetailInfoImage.xib in Resources */ = {isa = PBXBuildFile; fileRef = DDE10AC714BBDD7F006630F4 /* DetailInfoImage.xib */; };
		DDE10ACD14BBDE89006630F4 /* SearchTabController.m in Sources */ = {isa = PBXBuildFile; fileRef = DDE10ACC14BBDE89006630F4 /* SearchTabController.m */; };
		DDE10AD014BBDE9E006630F4 /* EventTabController.m in Sources */ = {isa = PBXBuildFile; fileRef = DDE10ACF14BBDE9E006630F4 /* EventTabController.m */; };
		DDE10AD314BBDEB3006630F4 /* SettingTabController.m in Sources */ = {isa = PBXBuildFile; fileRef = DDE10AD214BBDEB3006630F4 /* SettingTabController.m */; };
		DDECFA5714BD6B7400477A45 /* PagePhotosView.m in Sources */ = {isa = PBXBuildFile; fileRef = DDECFA5614BD6B7400477A45 /* PagePhotosView.m */; settings = {COMPILER_FLAGS = "-fno-objc-arc"; }; };
		DDF0DAC314BF20B600D90BB1 /* ProductTabProController.m in Sources */ = {isa = PBXBuildFile; fileRef = DDF0DAC214BF20B600D90BB1 /* ProductTabProController.m */; };
/* End PBXBuildFile section */

/* Begin PBXFileReference section */
		DD35550114E9EAE00041E9BA /* ProductCell.h */ = {isa = PBXFileReference; fileEncoding = 4; lastKnownFileType = sourcecode.c.h; path = ProductCell.h; sourceTree = "<group>"; };
		DD35550214E9EAE00041E9BA /* ProductCell.m */ = {isa = PBXFileReference; fileEncoding = 4; lastKnownFileType = sourcecode.c.objc; path = ProductCell.m; sourceTree = "<group>"; };
		DD35550814E9EBEC0041E9BA /* ProductCell.xib */ = {isa = PBXFileReference; fileEncoding = 4; lastKnownFileType = file.xib; path = ProductCell.xib; sourceTree = "<group>"; };
		DD66CF3014BE85CD004D127C /* SystemConfiguration.framework */ = {isa = PBXFileReference; lastKnownFileType = wrapper.framework; name = SystemConfiguration.framework; path = System/Library/Frameworks/SystemConfiguration.framework; sourceTree = SDKROOT; };
		DD78470214BE87A00050DD04 /* CommentModel.h */ = {isa = PBXFileReference; fileEncoding = 4; lastKnownFileType = sourcecode.c.h; path = CommentModel.h; sourceTree = "<group>"; };
		DD78470314BE87A00050DD04 /* CommentModel.m */ = {isa = PBXFileReference; fileEncoding = 4; lastKnownFileType = sourcecode.c.objc; path = CommentModel.m; sourceTree = "<group>"; };
		DD78470414BE87A00050DD04 /* Constants.h */ = {isa = PBXFileReference; fileEncoding = 4; lastKnownFileType = sourcecode.c.h; path = Constants.h; sourceTree = "<group>"; };
		DD78470514BE87A00050DD04 /* ItemCategoryModel.h */ = {isa = PBXFileReference; fileEncoding = 4; lastKnownFileType = sourcecode.c.h; path = ItemCategoryModel.h; sourceTree = "<group>"; };
		DD78470614BE87A00050DD04 /* ItemCategoryModel.m */ = {isa = PBXFileReference; fileEncoding = 4; lastKnownFileType = sourcecode.c.objc; path = ItemCategoryModel.m; sourceTree = "<group>"; };
		DD78470714BE87A00050DD04 /* ItemProductModel.h */ = {isa = PBXFileReference; fileEncoding = 4; lastKnownFileType = sourcecode.c.h; path = ItemProductModel.h; sourceTree = "<group>"; };
		DD78470814BE87A00050DD04 /* ItemProductModel.m */ = {isa = PBXFileReference; fileEncoding = 4; lastKnownFileType = sourcecode.c.objc; path = ItemProductModel.m; sourceTree = "<group>"; };
		DD78470914BE87A00050DD04 /* Utility.h */ = {isa = PBXFileReference; fileEncoding = 4; lastKnownFileType = sourcecode.c.h; path = Utility.h; sourceTree = "<group>"; };
		DD78470A14BE87A00050DD04 /* Utility.m */ = {isa = PBXFileReference; fileEncoding = 4; lastKnownFileType = sourcecode.c.objc; path = Utility.m; sourceTree = "<group>"; };
		DD78472C14BE8FDB0050DD04 /* SDImageCache.h */ = {isa = PBXFileReference; fileEncoding = 4; lastKnownFileType = sourcecode.c.h; path = SDImageCache.h; sourceTree = "<group>"; };
		DD78472D14BE8FDB0050DD04 /* SDImageCache.m */ = {isa = PBXFileReference; fileEncoding = 4; lastKnownFileType = sourcecode.c.objc; path = SDImageCache.m; sourceTree = "<group>"; };
		DD78472E14BE8FDB0050DD04 /* SDImageCacheDelegate.h */ = {isa = PBXFileReference; fileEncoding = 4; lastKnownFileType = sourcecode.c.h; path = SDImageCacheDelegate.h; sourceTree = "<group>"; };
		DD78472F14BE8FDB0050DD04 /* SDWebImageCompat.h */ = {isa = PBXFileReference; fileEncoding = 4; lastKnownFileType = sourcecode.c.h; path = SDWebImageCompat.h; sourceTree = "<group>"; };
		DD78473014BE8FDB0050DD04 /* SDWebImageDecoder.h */ = {isa = PBXFileReference; fileEncoding = 4; lastKnownFileType = sourcecode.c.h; path = SDWebImageDecoder.h; sourceTree = "<group>"; };
		DD78473114BE8FDB0050DD04 /* SDWebImageDecoder.m */ = {isa = PBXFileReference; fileEncoding = 4; lastKnownFileType = sourcecode.c.objc; path = SDWebImageDecoder.m; sourceTree = "<group>"; };
		DD78473214BE8FDB0050DD04 /* SDWebImageDownloader.h */ = {isa = PBXFileReference; fileEncoding = 4; lastKnownFileType = sourcecode.c.h; path = SDWebImageDownloader.h; sourceTree = "<group>"; };
		DD78473314BE8FDB0050DD04 /* SDWebImageDownloader.m */ = {isa = PBXFileReference; fileEncoding = 4; lastKnownFileType = sourcecode.c.objc; path = SDWebImageDownloader.m; sourceTree = "<group>"; };
		DD78473414BE8FDB0050DD04 /* SDWebImageDownloaderDelegate.h */ = {isa = PBXFileReference; fileEncoding = 4; lastKnownFileType = sourcecode.c.h; path = SDWebImageDownloaderDelegate.h; sourceTree = "<group>"; };
		DD78473514BE8FDB0050DD04 /* SDWebImageManager.h */ = {isa = PBXFileReference; fileEncoding = 4; lastKnownFileType = sourcecode.c.h; path = SDWebImageManager.h; sourceTree = "<group>"; };
		DD78473614BE8FDB0050DD04 /* SDWebImageManager.m */ = {isa = PBXFileReference; fileEncoding = 4; lastKnownFileType = sourcecode.c.objc; path = SDWebImageManager.m; sourceTree = "<group>"; };
		DD78473714BE8FDB0050DD04 /* SDWebImageManagerDelegate.h */ = {isa = PBXFileReference; fileEncoding = 4; lastKnownFileType = sourcecode.c.h; path = SDWebImageManagerDelegate.h; sourceTree = "<group>"; };
		DD78473814BE8FDB0050DD04 /* SDWebImagePrefetcher.h */ = {isa = PBXFileReference; fileEncoding = 4; lastKnownFileType = sourcecode.c.h; path = SDWebImagePrefetcher.h; sourceTree = "<group>"; };
		DD78473914BE8FDB0050DD04 /* SDWebImagePrefetcher.m */ = {isa = PBXFileReference; fileEncoding = 4; lastKnownFileType = sourcecode.c.objc; path = SDWebImagePrefetcher.m; sourceTree = "<group>"; };
		DD78474014BE92E20050DD04 /* MBProgressHUD.h */ = {isa = PBXFileReference; fileEncoding = 4; lastKnownFileType = sourcecode.c.h; path = MBProgressHUD.h; sourceTree = "<group>"; };
		DD78474114BE92E20050DD04 /* MBProgressHUD.m */ = {isa = PBXFileReference; fileEncoding = 4; lastKnownFileType = sourcecode.c.objc; path = MBProgressHUD.m; sourceTree = "<group>"; };
		DD78474414BE92F00050DD04 /* 37x-Checkmark.png */ = {isa = PBXFileReference; lastKnownFileType = image.png; path = "37x-Checkmark.png"; sourceTree = "<group>"; };
		DD78474A14BEC0A20050DD04 /* SingleModel.h */ = {isa = PBXFileReference; fileEncoding = 4; lastKnownFileType = sourcecode.c.h; path = SingleModel.h; sourceTree = "<group>"; };
		DD78474B14BEC0A20050DD04 /* SingleModel.m */ = {isa = PBXFileReference; fileEncoding = 4; lastKnownFileType = sourcecode.c.objc; path = SingleModel.m; sourceTree = "<group>"; };
		DD7F61B514C56C7600BE0E85 /* Default@2x.png */ = {isa = PBXFileReference; lastKnownFileType = image.png; path = "Default@2x.png"; sourceTree = "<group>"; };
		DD7F61B814C56C8000BE0E85 /* Default.png */ = {isa = PBXFileReference; lastKnownFileType = image.png; path = Default.png; sourceTree = "<group>"; };
		DD83F32C14FF22BC00C62A7D /* StartViewController.h */ = {isa = PBXFileReference; fileEncoding = 4; lastKnownFileType = sourcecode.c.h; path = StartViewController.h; sourceTree = "<group>"; };
		DD83F32D14FF22BC00C62A7D /* StartViewController.m */ = {isa = PBXFileReference; fileEncoding = 4; lastKnownFileType = sourcecode.c.objc; path = StartViewController.m; sourceTree = "<group>"; };
		DD83F35C14FF559500C62A7D /* blackArrow.png */ = {isa = PBXFileReference; lastKnownFileType = image.png; path = blackArrow.png; sourceTree = "<group>"; };
		DD83F35D14FF559500C62A7D /* blackArrow@2x.png */ = {isa = PBXFileReference; lastKnownFileType = image.png; path = "blackArrow@2x.png"; sourceTree = "<group>"; };
		DD83F35E14FF559500C62A7D /* blueArrow.png */ = {isa = PBXFileReference; lastKnownFileType = image.png; path = blueArrow.png; sourceTree = "<group>"; };
		DD83F35F14FF559500C62A7D /* blueArrow@2x.png */ = {isa = PBXFileReference; lastKnownFileType = image.png; path = "blueArrow@2x.png"; sourceTree = "<group>"; };
		DD83F36014FF559500C62A7D /* EGORefreshTableHeaderView.h */ = {isa = PBXFileReference; fileEncoding = 4; lastKnownFileType = sourcecode.c.h; path = EGORefreshTableHeaderView.h; sourceTree = "<group>"; };
		DD83F36114FF559500C62A7D /* EGORefreshTableHeaderView.m */ = {isa = PBXFileReference; fileEncoding = 4; lastKnownFileType = sourcecode.c.objc; path = EGORefreshTableHeaderView.m; sourceTree = "<group>"; };
		DD83F36214FF559500C62A7D /* grayArrow.png */ = {isa = PBXFileReference; lastKnownFileType = image.png; path = grayArrow.png; sourceTree = "<group>"; };
		DD83F36314FF559500C62A7D /* grayArrow@2x.png */ = {isa = PBXFileReference; lastKnownFileType = image.png; path = "grayArrow@2x.png"; sourceTree = "<group>"; };
		DD83F36414FF559500C62A7D /* whiteArrow.png */ = {isa = PBXFileReference; lastKnownFileType = image.png; path = whiteArrow.png; sourceTree = "<group>"; };
		DD83F36514FF559500C62A7D /* whiteArrow@2x.png */ = {isa = PBXFileReference; lastKnownFileType = image.png; path = "whiteArrow@2x.png"; sourceTree = "<group>"; };
		DD83F36F14FF5D3E00C62A7D /* IIDate.h */ = {isa = PBXFileReference; fileEncoding = 4; lastKnownFileType = sourcecode.c.h; path = IIDate.h; sourceTree = "<group>"; };
		DD83F37014FF5D3E00C62A7D /* IIDate.m */ = {isa = PBXFileReference; fileEncoding = 4; lastKnownFileType = sourcecode.c.objc; path = IIDate.m; sourceTree = "<group>"; };
		DD83F37214FF5DD000C62A7D /* QuartzCore.framework */ = {isa = PBXFileReference; lastKnownFileType = wrapper.framework; name = QuartzCore.framework; path = System/Library/Frameworks/QuartzCore.framework; sourceTree = SDKROOT; };
		DD83F37414FFB00D00C62A7D /* Icon.png */ = {isa = PBXFileReference; lastKnownFileType = image.png; path = Icon.png; sourceTree = "<group>"; };
		DD83F37714FFC14800C62A7D /* bg.png */ = {isa = PBXFileReference; lastKnownFileType = image.png; path = bg.png; sourceTree = "<group>"; };
		DD83F37814FFC14800C62A7D /* New.jpg */ = {isa = PBXFileReference; lastKnownFileType = image.jpeg; path = New.jpg; sourceTree = "<group>"; };
		DD83F37B14FFC8E600C62A7D /* btnBlue.png */ = {isa = PBXFileReference; lastKnownFileType = image.png; path = btnBlue.png; sourceTree = "<group>"; };
		DD83F37C14FFC8E600C62A7D /* btnOrange.png */ = {isa = PBXFileReference; lastKnownFileType = image.png; path = btnOrange.png; sourceTree = "<group>"; };
		DDCBC3FB14C32CA10086D6C3 /* UIImageView+WebCache.h */ = {isa = PBXFileReference; fileEncoding = 4; lastKnownFileType = sourcecode.c.h; path = "UIImageView+WebCache.h"; sourceTree = "<group>"; };
		DDCBC3FC14C32CA10086D6C3 /* UIImageView+WebCache.m */ = {isa = PBXFileReference; fileEncoding = 4; lastKnownFileType = sourcecode.c.objc; path = "UIImageView+WebCache.m"; sourceTree = "<group>"; };
		DDCBC3FF14C3C17B0086D6C3 /* UIScrollView+TouchScroll.h */ = {isa = PBXFileReference; fileEncoding = 4; lastKnownFileType = sourcecode.c.h; name = "UIScrollView+TouchScroll.h"; path = "MyVeryLife/UIScrollView+TouchScroll.h"; sourceTree = "<group>"; };
		DDCBC40014C3C17B0086D6C3 /* UIScrollView+TouchScroll.m */ = {isa = PBXFileReference; fileEncoding = 4; lastKnownFileType = sourcecode.c.objc; name = "UIScrollView+TouchScroll.m"; path = "MyVeryLife/UIScrollView+TouchScroll.m"; sourceTree = "<group>"; };
		DDCBC40214C3CD6D0086D6C3 /* TestTableView.h */ = {isa = PBXFileReference; fileEncoding = 4; lastKnownFileType = sourcecode.c.h; path = TestTableView.h; sourceTree = "<group>"; };
		DDCBC40314C3CD6D0086D6C3 /* TestTableView.m */ = {isa = PBXFileReference; fileEncoding = 4; lastKnownFileType = sourcecode.c.objc; path = TestTableView.m; sourceTree = "<group>"; };
		DDCBC40414C3CD6D0086D6C3 /* TestTableView.xib */ = {isa = PBXFileReference; fileEncoding = 4; lastKnownFileType = file.xib; path = TestTableView.xib; sourceTree = "<group>"; };
		DDCBC40B14C475F70086D6C3 /* hold.png */ = {isa = PBXFileReference; lastKnownFileType = image.png; path = hold.png; sourceTree = "<group>"; };
		DDCBC41914C538A00086D6C3 /* CommentController.h */ = {isa = PBXFileReference; fileEncoding = 4; lastKnownFileType = sourcecode.c.h; path = CommentController.h; sourceTree = "<group>"; };
		DDCBC41A14C538A00086D6C3 /* CommentController.m */ = {isa = PBXFileReference; fileEncoding = 4; lastKnownFileType = sourcecode.c.objc; path = CommentController.m; sourceTree = "<group>"; };
		DDCBC41B14C538A10086D6C3 /* CommentController.xib */ = {isa = PBXFileReference; fileEncoding = 4; lastKnownFileType = file.xib; path = CommentController.xib; sourceTree = "<group>"; };
		DDCBC41F14C53A1D0086D6C3 /* CommentCell.h */ = {isa = PBXFileReference; fileEncoding = 4; lastKnownFileType = sourcecode.c.h; path = CommentCell.h; sourceTree = "<group>"; };
		DDCBC42014C53A1D0086D6C3 /* CommentCell.m */ = {isa = PBXFileReference; fileEncoding = 4; lastKnownFileType = sourcecode.c.objc; path = CommentCell.m; sourceTree = "<group>"; };
		DDCBC42114C53A1D0086D6C3 /* CommentCell.xib */ = {isa = PBXFileReference; fileEncoding = 4; lastKnownFileType = file.xib; path = CommentCell.xib; sourceTree = "<group>"; };
		DDE10A8B14BBD774006630F4 /* 金太家.app */ = {isa = PBXFileReference; explicitFileType = wrapper.application; includeInIndex = 0; path = "金太家.app"; sourceTree = BUILT_PRODUCTS_DIR; };
		DDE10A8F14BBD774006630F4 /* UIKit.framework */ = {isa = PBXFileReference; lastKnownFileType = wrapper.framework; name = UIKit.framework; path = System/Library/Frameworks/UIKit.framework; sourceTree = SDKROOT; };
		DDE10A9114BBD774006630F4 /* Foundation.framework */ = {isa = PBXFileReference; lastKnownFileType = wrapper.framework; name = Foundation.framework; path = System/Library/Frameworks/Foundation.framework; sourceTree = SDKROOT; };
		DDE10A9314BBD774006630F4 /* CoreGraphics.framework */ = {isa = PBXFileReference; lastKnownFileType = wrapper.framework; name = CoreGraphics.framework; path = System/Library/Frameworks/CoreGraphics.framework; sourceTree = SDKROOT; };
		DDE10A9714BBD774006630F4 /* MyVeryLife-Info.plist */ = {isa = PBXFileReference; lastKnownFileType = text.plist.xml; path = "MyVeryLife-Info.plist"; sourceTree = "<group>"; };
		DDE10A9914BBD774006630F4 /* en */ = {isa = PBXFileReference; lastKnownFileType = text.plist.strings; name = en; path = en.lproj/InfoPlist.strings; sourceTree = "<group>"; };
		DDE10A9B14BBD774006630F4 /* main.m */ = {isa = PBXFileReference; lastKnownFileType = sourcecode.c.objc; path = main.m; sourceTree = "<group>"; };
		DDE10A9D14BBD774006630F4 /* MyVeryLife-Prefix.pch */ = {isa = PBXFileReference; lastKnownFileType = sourcecode.c.h; path = "MyVeryLife-Prefix.pch"; sourceTree = "<group>"; };
		DDE10A9E14BBD774006630F4 /* AppDelegate.h */ = {isa = PBXFileReference; lastKnownFileType = sourcecode.c.h; path = AppDelegate.h; sourceTree = "<group>"; };
		DDE10A9F14BBD774006630F4 /* AppDelegate.m */ = {isa = PBXFileReference; lastKnownFileType = sourcecode.c.objc; path = AppDelegate.m; sourceTree = "<group>"; };
		DDE10AA214BBD775006630F4 /* en */ = {isa = PBXFileReference; lastKnownFileType = file.storyboard; name = en; path = en.lproj/MainStoryboard.storyboard; sourceTree = "<group>"; };
		DDE10AA414BBD775006630F4 /* HomeTabController.h */ = {isa = PBXFileReference; lastKnownFileType = sourcecode.c.h; path = HomeTabController.h; sourceTree = "<group>"; };
		DDE10AA514BBD775006630F4 /* HomeTabController.m */ = {isa = PBXFileReference; lastKnownFileType = sourcecode.c.objc; path = HomeTabController.m; sourceTree = "<group>"; };
		DDE10AA714BBD775006630F4 /* first.png */ = {isa = PBXFileReference; lastKnownFileType = image.png; path = first.png; sourceTree = "<group>"; };
		DDE10AA914BBD775006630F4 /* first@2x.png */ = {isa = PBXFileReference; lastKnownFileType = image.png; path = "first@2x.png"; sourceTree = "<group>"; };
		DDE10AAB14BBD775006630F4 /* ProductTabController.h */ = {isa = PBXFileReference; lastKnownFileType = sourcecode.c.h; path = ProductTabController.h; sourceTree = "<group>"; };
		DDE10AAC14BBD775006630F4 /* ProductTabController.m */ = {isa = PBXFileReference; lastKnownFileType = sourcecode.c.objc; path = ProductTabController.m; sourceTree = "<group>"; };
		DDE10AAE14BBD775006630F4 /* second.png */ = {isa = PBXFileReference; lastKnownFileType = image.png; path = second.png; sourceTree = "<group>"; };
		DDE10AB014BBD775006630F4 /* second@2x.png */ = {isa = PBXFileReference; lastKnownFileType = image.png; path = "second@2x.png"; sourceTree = "<group>"; };
		DDE10ABB14BBDD0B006630F4 /* DetailInfo.h */ = {isa = PBXFileReference; fileEncoding = 4; lastKnownFileType = sourcecode.c.h; path = DetailInfo.h; sourceTree = "<group>"; };
		DDE10ABC14BBDD0B006630F4 /* DetailInfo.m */ = {isa = PBXFileReference; fileEncoding = 4; lastKnownFileType = sourcecode.c.objc; path = DetailInfo.m; sourceTree = "<group>"; };
		DDE10ABD14BBDD0B006630F4 /* DetailInfo.xib */ = {isa = PBXFileReference; fileEncoding = 4; lastKnownFileType = file.xib; path = DetailInfo.xib; sourceTree = "<group>"; };
		DDE10AC014BBDD20006630F4 /* DetailInfoWeb.h */ = {isa = PBXFileReference; fileEncoding = 4; lastKnownFileType = sourcecode.c.h; path = DetailInfoWeb.h; sourceTree = "<group>"; };
		DDE10AC114BBDD20006630F4 /* DetailInfoWeb.m */ = {isa = PBXFileReference; fileEncoding = 4; lastKnownFileType = sourcecode.c.objc; path = DetailInfoWeb.m; sourceTree = "<group>"; };
		DDE10AC214BBDD20006630F4 /* DetailInfoWeb.xib */ = {isa = PBXFileReference; fileEncoding = 4; lastKnownFileType = file.xib; path = DetailInfoWeb.xib; sourceTree = "<group>"; };
		DDE10AC514BBDD7F006630F4 /* DetailInfoImage.h */ = {isa = PBXFileReference; fileEncoding = 4; lastKnownFileType = sourcecode.c.h; path = DetailInfoImage.h; sourceTree = "<group>"; };
		DDE10AC614BBDD7F006630F4 /* DetailInfoImage.m */ = {isa = PBXFileReference; fileEncoding = 4; lastKnownFileType = sourcecode.c.objc; path = DetailInfoImage.m; sourceTree = "<group>"; };
		DDE10AC714BBDD7F006630F4 /* DetailInfoImage.xib */ = {isa = PBXFileReference; fileEncoding = 4; lastKnownFileType = file.xib; path = DetailInfoImage.xib; sourceTree = "<group>"; };
		DDE10ACB14BBDE89006630F4 /* SearchTabController.h */ = {isa = PBXFileReference; fileEncoding = 4; lastKnownFileType = sourcecode.c.h; path = SearchTabController.h; sourceTree = "<group>"; };
		DDE10ACC14BBDE89006630F4 /* SearchTabController.m */ = {isa = PBXFileReference; fileEncoding = 4; lastKnownFileType = sourcecode.c.objc; path = SearchTabController.m; sourceTree = "<group>"; };
		DDE10ACE14BBDE9E006630F4 /* EventTabController.h */ = {isa = PBXFileReference; fileEncoding = 4; lastKnownFileType = sourcecode.c.h; path = EventTabController.h; sourceTree = "<group>"; };
		DDE10ACF14BBDE9E006630F4 /* EventTabController.m */ = {isa = PBXFileReference; fileEncoding = 4; lastKnownFileType = sourcecode.c.objc; path = EventTabController.m; sourceTree = "<group>"; };
		DDE10AD114BBDEB3006630F4 /* SettingTabController.h */ = {isa = PBXFileReference; fileEncoding = 4; lastKnownFileType = sourcecode.c.h; path = SettingTabController.h; sourceTree = "<group>"; };
		DDE10AD214BBDEB3006630F4 /* SettingTabController.m */ = {isa = PBXFileReference; fileEncoding = 4; lastKnownFileType = sourcecode.c.objc; path = SettingTabController.m; sourceTree = "<group>"; };
		DDECFA5414BD6B7400477A45 /* PagePhotosDataSource.h */ = {isa = PBXFileReference; fileEncoding = 4; lastKnownFileType = sourcecode.c.h; name = PagePhotosDataSource.h; path = MyVeryLife/PagePhotosDataSource.h; sourceTree = "<group>"; };
		DDECFA5514BD6B7400477A45 /* PagePhotosView.h */ = {isa = PBXFileReference; fileEncoding = 4; lastKnownFileType = sourcecode.c.h; name = PagePhotosView.h; path = MyVeryLife/PagePhotosView.h; sourceTree = "<group>"; };
		DDECFA5614BD6B7400477A45 /* PagePhotosView.m */ = {isa = PBXFileReference; fileEncoding = 4; lastKnownFileType = sourcecode.c.objc; name = PagePhotosView.m; path = MyVeryLife/PagePhotosView.m; sourceTree = "<group>"; };
		DDF0DAC114BF20B600D90BB1 /* ProductTabProController.h */ = {isa = PBXFileReference; fileEncoding = 4; lastKnownFileType = sourcecode.c.h; path = ProductTabProController.h; sourceTree = "<group>"; };
		DDF0DAC214BF20B600D90BB1 /* ProductTabProController.m */ = {isa = PBXFileReference; fileEncoding = 4; lastKnownFileType = sourcecode.c.objc; path = ProductTabProController.m; sourceTree = "<group>"; };
/* End PBXFileReference section */

/* Begin PBXFrameworksBuildPhase section */
		DDE10A8814BBD774006630F4 /* Frameworks */ = {
			isa = PBXFrameworksBuildPhase;
			buildActionMask = 2147483647;
			files = (
				DD83F37314FF5DD000C62A7D /* QuartzCore.framework in Frameworks */,
				DD66CF3114BE85CD004D127C /* SystemConfiguration.framework in Frameworks */,
				DDE10A9014BBD774006630F4 /* UIKit.framework in Frameworks */,
				DDE10A9214BBD774006630F4 /* Foundation.framework in Frameworks */,
				DDE10A9414BBD774006630F4 /* CoreGraphics.framework in Frameworks */,
			);
			runOnlyForDeploymentPostprocessing = 0;
		};
/* End PBXFrameworksBuildPhase section */

/* Begin PBXGroup section */
		DD78470114BE86FA0050DD04 /* Taobao */ = {
			isa = PBXGroup;
			children = (
				DDCBC41F14C53A1D0086D6C3 /* CommentCell.h */,
				DDCBC42014C53A1D0086D6C3 /* CommentCell.m */,
				DDCBC42114C53A1D0086D6C3 /* CommentCell.xib */,
				DD78470214BE87A00050DD04 /* CommentModel.h */,
				DD78470314BE87A00050DD04 /* CommentModel.m */,
				DD78470414BE87A00050DD04 /* Constants.h */,
				DD78470514BE87A00050DD04 /* ItemCategoryModel.h */,
				DD78470614BE87A00050DD04 /* ItemCategoryModel.m */,
				DD78470714BE87A00050DD04 /* ItemProductModel.h */,
				DD78470814BE87A00050DD04 /* ItemProductModel.m */,
				DD78470914BE87A00050DD04 /* Utility.h */,
				DD78470A14BE87A00050DD04 /* Utility.m */,
				DD78474A14BEC0A20050DD04 /* SingleModel.h */,
				DD78474B14BEC0A20050DD04 /* SingleModel.m */,
			);
			name = Taobao;
			sourceTree = "<group>";
		};
		DD78472A14BE8FDB0050DD04 /* Lib */ = {
			isa = PBXGroup;
			children = (
				DD78473F14BE92E20050DD04 /* HUB */,
				DD78472B14BE8FDB0050DD04 /* SDWebImage */,
			);
			path = Lib;
			sourceTree = "<group>";
		};
		DD78472B14BE8FDB0050DD04 /* SDWebImage */ = {
			isa = PBXGroup;
			children = (
				DDCBC3FB14C32CA10086D6C3 /* UIImageView+WebCache.h */,
				DDCBC3FC14C32CA10086D6C3 /* UIImageView+WebCache.m */,
				DD78472C14BE8FDB0050DD04 /* SDImageCache.h */,
				DD78472D14BE8FDB0050DD04 /* SDImageCache.m */,
				DD78472E14BE8FDB0050DD04 /* SDImageCacheDelegate.h */,
				DD78472F14BE8FDB0050DD04 /* SDWebImageCompat.h */,
				DD78473014BE8FDB0050DD04 /* SDWebImageDecoder.h */,
				DD78473114BE8FDB0050DD04 /* SDWebImageDecoder.m */,
				DD78473214BE8FDB0050DD04 /* SDWebImageDownloader.h */,
				DD78473314BE8FDB0050DD04 /* SDWebImageDownloader.m */,
				DD78473414BE8FDB0050DD04 /* SDWebImageDownloaderDelegate.h */,
				DD78473514BE8FDB0050DD04 /* SDWebImageManager.h */,
				DD78473614BE8FDB0050DD04 /* SDWebImageManager.m */,
				DD78473714BE8FDB0050DD04 /* SDWebImageManagerDelegate.h */,
				DD78473814BE8FDB0050DD04 /* SDWebImagePrefetcher.h */,
				DD78473914BE8FDB0050DD04 /* SDWebImagePrefetcher.m */,
			);
			path = SDWebImage;
			sourceTree = "<group>";
		};
		DD78473F14BE92E20050DD04 /* HUB */ = {
			isa = PBXGroup;
			children = (
				DD78474014BE92E20050DD04 /* MBProgressHUD.h */,
				DD78474114BE92E20050DD04 /* MBProgressHUD.m */,
			);
			path = HUB;
			sourceTree = "<group>";
		};
		DD78474314BE92F00050DD04 /* Res */ = {
			isa = PBXGroup;
			children = (
				DD83F37B14FFC8E600C62A7D /* btnBlue.png */,
				DD83F37C14FFC8E600C62A7D /* btnOrange.png */,
				DD83F37714FFC14800C62A7D /* bg.png */,
				DD83F37814FFC14800C62A7D /* New.jpg */,
				DDCBC40B14C475F70086D6C3 /* hold.png */,
				DD78474414BE92F00050DD04 /* 37x-Checkmark.png */,
			);
			path = Res;
			sourceTree = "<group>";
		};
		DD83F35B14FF559400C62A7D /* PULLRefresh */ = {
			isa = PBXGroup;
			children = (
				DD83F36F14FF5D3E00C62A7D /* IIDate.h */,
				DD83F37014FF5D3E00C62A7D /* IIDate.m */,
				DD83F35C14FF559500C62A7D /* blackArrow.png */,
				DD83F35D14FF559500C62A7D /* blackArrow@2x.png */,
				DD83F35E14FF559500C62A7D /* blueArrow.png */,
				DD83F35F14FF559500C62A7D /* blueArrow@2x.png */,
				DD83F36014FF559500C62A7D /* EGORefreshTableHeaderView.h */,
				DD83F36114FF559500C62A7D /* EGORefreshTableHeaderView.m */,
				DD83F36214FF559500C62A7D /* grayArrow.png */,
				DD83F36314FF559500C62A7D /* grayArrow@2x.png */,
				DD83F36414FF559500C62A7D /* whiteArrow.png */,
				DD83F36514FF559500C62A7D /* whiteArrow@2x.png */,
			);
			name = PULLRefresh;
			path = Lib/PULLRefresh;
			sourceTree = "<group>";
		};
		DDE10A8014BBD774006630F4 = {
			isa = PBXGroup;
			children = (
				DD83F37414FFB00D00C62A7D /* Icon.png */,
				DD83F37214FF5DD000C62A7D /* QuartzCore.framework */,
				DD7F61B814C56C8000BE0E85 /* Default.png */,
				DD7F61B514C56C7600BE0E85 /* Default@2x.png */,
				DDCBC3FF14C3C17B0086D6C3 /* UIScrollView+TouchScroll.h */,
				DDCBC40014C3C17B0086D6C3 /* UIScrollView+TouchScroll.m */,
				DDECFA5414BD6B7400477A45 /* PagePhotosDataSource.h */,
				DDECFA5514BD6B7400477A45 /* PagePhotosView.h */,
				DDECFA5614BD6B7400477A45 /* PagePhotosView.m */,
				DDE10A9514BBD774006630F4 /* MyVeryLife */,
				DDE10A8E14BBD774006630F4 /* Frameworks */,
				DDE10A8C14BBD774006630F4 /* Products */,
			);
			sourceTree = "<group>";
		};
		DDE10A8C14BBD774006630F4 /* Products */ = {
			isa = PBXGroup;
			children = (
				DDE10A8B14BBD774006630F4 /* 金太家.app */,
			);
			name = Products;
			sourceTree = "<group>";
		};
		DDE10A8E14BBD774006630F4 /* Frameworks */ = {
			isa = PBXGroup;
			children = (
				DD66CF3014BE85CD004D127C /* SystemConfiguration.framework */,
				DDE10A8F14BBD774006630F4 /* UIKit.framework */,
				DDE10A9114BBD774006630F4 /* Foundation.framework */,
				DDE10A9314BBD774006630F4 /* CoreGraphics.framework */,
			);
			name = Frameworks;
			sourceTree = "<group>";
		};
		DDE10A9514BBD774006630F4 /* MyVeryLife */ = {
			isa = PBXGroup;
			children = (
				DD83F35B14FF559400C62A7D /* PULLRefresh */,
				DD78474314BE92F00050DD04 /* Res */,
				DD78472A14BE8FDB0050DD04 /* Lib */,
				DD78470114BE86FA0050DD04 /* Taobao */,
				DDE10A9E14BBD774006630F4 /* AppDelegate.h */,
				DDE10A9F14BBD774006630F4 /* AppDelegate.m */,
				DDE10AA114BBD775006630F4 /* MainStoryboard.storyboard */,
				DDE10ACA14BBDD92006630F4 /* DetailInfo */,
				DDE10AD514BBDEE2006630F4 /* NavController */,
				DDE10AD414BBDEC8006630F4 /* Resource */,
				DDE10A9614BBD774006630F4 /* Supporting Files */,
				DD83F32C14FF22BC00C62A7D /* StartViewController.h */,
				DD83F32D14FF22BC00C62A7D /* StartViewController.m */,
			);
			path = MyVeryLife;
			sourceTree = "<group>";
		};
		DDE10A9614BBD774006630F4 /* Supporting Files */ = {
			isa = PBXGroup;
			children = (
				DDE10A9714BBD774006630F4 /* MyVeryLife-Info.plist */,
				DDE10A9814BBD774006630F4 /* InfoPlist.strings */,
				DDE10A9B14BBD774006630F4 /* main.m */,
				DDE10A9D14BBD774006630F4 /* MyVeryLife-Prefix.pch */,
			);
			name = "Supporting Files";
			sourceTree = "<group>";
		};
		DDE10ACA14BBDD92006630F4 /* DetailInfo */ = {
			isa = PBXGroup;
			children = (
				DDE10AC514BBDD7F006630F4 /* DetailInfoImage.h */,
				DDE10AC614BBDD7F006630F4 /* DetailInfoImage.m */,
				DDE10AC714BBDD7F006630F4 /* DetailInfoImage.xib */,
				DDE10AC014BBDD20006630F4 /* DetailInfoWeb.h */,
				DDE10AC114BBDD20006630F4 /* DetailInfoWeb.m */,
				DDE10AC214BBDD20006630F4 /* DetailInfoWeb.xib */,
				DDE10ABB14BBDD0B006630F4 /* DetailInfo.h */,
				DDE10ABC14BBDD0B006630F4 /* DetailInfo.m */,
				DDE10ABD14BBDD0B006630F4 /* DetailInfo.xib */,
				DDCBC40214C3CD6D0086D6C3 /* TestTableView.h */,
				DDCBC40314C3CD6D0086D6C3 /* TestTableView.m */,
				DDCBC40414C3CD6D0086D6C3 /* TestTableView.xib */,
				DDCBC41914C538A00086D6C3 /* CommentController.h */,
				DDCBC41A14C538A00086D6C3 /* CommentController.m */,
				DDCBC41B14C538A10086D6C3 /* CommentController.xib */,
				DD35550114E9EAE00041E9BA /* ProductCell.h */,
				DD35550814E9EBEC0041E9BA /* ProductCell.xib */,
				DD35550214E9EAE00041E9BA /* ProductCell.m */,
			);
			name = DetailInfo;
			sourceTree = "<group>";
		};
		DDE10AD414BBDEC8006630F4 /* Resource */ = {
			isa = PBXGroup;
			children = (
				DDE10AA714BBD775006630F4 /* first.png */,
				DDE10AA914BBD775006630F4 /* first@2x.png */,
				DDE10AAE14BBD775006630F4 /* second.png */,
				DDE10AB014BBD775006630F4 /* second@2x.png */,
			);
			name = Resource;
			sourceTree = "<group>";
		};
		DDE10AD514BBDEE2006630F4 /* NavController */ = {
			isa = PBXGroup;
			children = (
				DDE10AA414BBD775006630F4 /* HomeTabController.h */,
				DDE10AA514BBD775006630F4 /* HomeTabController.m */,
				DDE10AAB14BBD775006630F4 /* ProductTabController.h */,
				DDE10AAC14BBD775006630F4 /* ProductTabController.m */,
				DDE10ACB14BBDE89006630F4 /* SearchTabController.h */,
				DDE10ACC14BBDE89006630F4 /* SearchTabController.m */,
				DDE10ACE14BBDE9E006630F4 /* EventTabController.h */,
				DDE10ACF14BBDE9E006630F4 /* EventTabController.m */,
				DDE10AD114BBDEB3006630F4 /* SettingTabController.h */,
				DDE10AD214BBDEB3006630F4 /* SettingTabController.m */,
				DDF0DAC114BF20B600D90BB1 /* ProductTabProController.h */,
				DDF0DAC214BF20B600D90BB1 /* ProductTabProController.m */,
			);
			name = NavController;
			sourceTree = "<group>";
		};
/* End PBXGroup section */

/* Begin PBXNativeTarget section */
		DDE10A8A14BBD774006630F4 /* MyVeryLife */ = {
			isa = PBXNativeTarget;
			buildConfigurationList = DDE10AB414BBD775006630F4 /* Build configuration list for PBXNativeTarget "MyVeryLife" */;
			buildPhases = (
				DDE10A8714BBD774006630F4 /* Sources */,
				DDE10A8814BBD774006630F4 /* Frameworks */,
				DDE10A8914BBD774006630F4 /* Resources */,
			);
			buildRules = (
			);
			dependencies = (
			);
			name = MyVeryLife;
			productName = MyVeryLife;
			productReference = DDE10A8B14BBD774006630F4 /* 金太家.app */;
			productType = "com.apple.product-type.application";
		};
/* End PBXNativeTarget section */

/* Begin PBXProject section */
		DDE10A8214BBD774006630F4 /* Project object */ = {
			isa = PBXProject;
			attributes = {
				LastUpgradeCheck = 0420;
			};
			buildConfigurationList = DDE10A8514BBD774006630F4 /* Build configuration list for PBXProject "MyVeryLife" */;
			compatibilityVersion = "Xcode 3.2";
			developmentRegion = English;
			hasScannedForEncodings = 0;
			knownRegions = (
				en,
			);
			mainGroup = DDE10A8014BBD774006630F4;
			productRefGroup = DDE10A8C14BBD774006630F4 /* Products */;
			projectDirPath = "";
			projectRoot = "";
			targets = (
				DDE10A8A14BBD774006630F4 /* MyVeryLife */,
			);
		};
/* End PBXProject section */

/* Begin PBXResourcesBuildPhase section */
		DDE10A8914BBD774006630F4 /* Resources */ = {
			isa = PBXResourcesBuildPhase;
			buildActionMask = 2147483647;
			files = (
				DDE10A9A14BBD774006630F4 /* InfoPlist.strings in Resources */,
				DDE10AA314BBD775006630F4 /* MainStoryboard.storyboard in Resources */,
				DDE10AA814BBD775006630F4 /* first.png in Resources */,
				DDE10AAA14BBD775006630F4 /* first@2x.png in Resources */,
				DDE10AAF14BBD775006630F4 /* second.png in Resources */,
				DDE10AB114BBD775006630F4 /* second@2x.png in Resources */,
				DDE10ABF14BBDD0B006630F4 /* DetailInfo.xib in Resources */,
				DDE10AC414BBDD20006630F4 /* DetailInfoWeb.xib in Resources */,
				DDE10AC914BBDD7F006630F4 /* DetailInfoImage.xib in Resources */,
				DD78474514BE92F00050DD04 /* 37x-Checkmark.png in Resources */,
				DDCBC40614C3CD6D0086D6C3 /* TestTableView.xib in Resources */,
				DDCBC40C14C475F70086D6C3 /* hold.png in Resources */,
				DDCBC41D14C538A10086D6C3 /* CommentController.xib in Resources */,
				DDCBC42314C53A1D0086D6C3 /* CommentCell.xib in Resources */,
				DD7F61B614C56C7600BE0E85 /* Default@2x.png in Resources */,
				DD35550914E9EBEC0041E9BA /* ProductCell.xib in Resources */,
				DD83F36614FF559500C62A7D /* blackArrow.png in Resources */,
				DD83F36714FF559500C62A7D /* blackArrow@2x.png in Resources */,
				DD83F36814FF559500C62A7D /* blueArrow.png in Resources */,
				DD83F36914FF559500C62A7D /* blueArrow@2x.png in Resources */,
				DD83F36B14FF559500C62A7D /* grayArrow.png in Resources */,
				DD83F36C14FF559500C62A7D /* grayArrow@2x.png in Resources */,
				DD83F36D14FF559500C62A7D /* whiteArrow.png in Resources */,
				DD83F36E14FF559500C62A7D /* whiteArrow@2x.png in Resources */,
				DD83F37514FFB00D00C62A7D /* Icon.png in Resources */,
				DD83F37614FFB74C00C62A7D /* Default.png in Resources */,
				DD83F37914FFC14800C62A7D /* bg.png in Resources */,
				DD83F37A14FFC14800C62A7D /* New.jpg in Resources */,
				DD83F37D14FFC8E600C62A7D /* btnBlue.png in Resources */,
				DD83F37E14FFC8E600C62A7D /* btnOrange.png in Resources */,
			);
			runOnlyForDeploymentPostprocessing = 0;
		};
/* End PBXResourcesBuildPhase section */

/* Begin PBXSourcesBuildPhase section */
		DDE10A8714BBD774006630F4 /* Sources */ = {
			isa = PBXSourcesBuildPhase;
			buildActionMask = 2147483647;
			files = (
				DDE10A9C14BBD774006630F4 /* main.m in Sources */,
				DDE10AA014BBD774006630F4 /* AppDelegate.m in Sources */,
				DDE10AA614BBD775006630F4 /* HomeTabController.m in Sources */,
				DDE10AAD14BBD775006630F4 /* ProductTabController.m in Sources */,
				DDE10ABE14BBDD0B006630F4 /* DetailInfo.m in Sources */,
				DDE10AC314BBDD20006630F4 /* DetailInfoWeb.m in Sources */,
				DDE10AC814BBDD7F006630F4 /* DetailInfoImage.m in Sources */,
				DDE10ACD14BBDE89006630F4 /* SearchTabController.m in Sources */,
				DDE10AD014BBDE9E006630F4 /* EventTabController.m in Sources */,
				DDE10AD314BBDEB3006630F4 /* SettingTabController.m in Sources */,
				DDECFA5714BD6B7400477A45 /* PagePhotosView.m in Sources */,
				DD78470B14BE87A00050DD04 /* CommentModel.m in Sources */,
				DD78470C14BE87A00050DD04 /* ItemCategoryModel.m in Sources */,
				DD78470D14BE87A00050DD04 /* ItemProductModel.m in Sources */,
				DD78470E14BE87A00050DD04 /* Utility.m in Sources */,
				DD78473A14BE8FDB0050DD04 /* SDImageCache.m in Sources */,
				DD78473B14BE8FDB0050DD04 /* SDWebImageDecoder.m in Sources */,
				DD78473C14BE8FDB0050DD04 /* SDWebImageDownloader.m in Sources */,
				DD78473D14BE8FDB0050DD04 /* SDWebImageManager.m in Sources */,
				DD78473E14BE8FDB0050DD04 /* SDWebImagePrefetcher.m in Sources */,
				DD78474214BE92E20050DD04 /* MBProgressHUD.m in Sources */,
				DD78474C14BEC0A20050DD04 /* SingleModel.m in Sources */,
				DDF0DAC314BF20B600D90BB1 /* ProductTabProController.m in Sources */,
				DDCBC3FD14C32CA10086D6C3 /* UIImageView+WebCache.m in Sources */,
				DDCBC40114C3C17B0086D6C3 /* UIScrollView+TouchScroll.m in Sources */,
				DDCBC40514C3CD6D0086D6C3 /* TestTableView.m in Sources */,
				DDCBC41C14C538A10086D6C3 /* CommentController.m in Sources */,
				DDCBC42214C53A1D0086D6C3 /* CommentCell.m in Sources */,
				DD35550314E9EAE00041E9BA /* ProductCell.m in Sources */,
				DD83F32E14FF22BC00C62A7D /* StartViewController.m in Sources */,
				DD83F36A14FF559500C62A7D /* EGORefreshTableHeaderView.m in Sources */,
				DD83F37114FF5D3E00C62A7D /* IIDate.m in Sources */,
			);
			runOnlyForDeploymentPostprocessing = 0;
		};
/* End PBXSourcesBuildPhase section */

/* Begin PBXVariantGroup section */
		DDE10A9814BBD774006630F4 /* InfoPlist.strings */ = {
			isa = PBXVariantGroup;
			children = (
				DDE10A9914BBD774006630F4 /* en */,
			);
			name = InfoPlist.strings;
			sourceTree = "<group>";
		};
		DDE10AA114BBD775006630F4 /* MainStoryboard.storyboard */ = {
			isa = PBXVariantGroup;
			children = (
				DDE10AA214BBD775006630F4 /* en */,
			);
			name = MainStoryboard.storyboard;
			sourceTree = "<group>";
		};
/* End PBXVariantGroup section */

/* Begin XCBuildConfiguration section */
		DDE10AB214BBD775006630F4 /* Debug */ = {
			isa = XCBuildConfiguration;
			buildSettings = {
				ALWAYS_SEARCH_USER_PATHS = NO;
				ARCHS = "$(ARCHS_STANDARD_32_BIT)";
				CLANG_ENABLE_OBJC_ARC = YES;
				"CODE_SIGN_IDENTITY[sdk=iphoneos*]" = "iPhone Developer";
				COPY_PHASE_STRIP = NO;
				GCC_C_LANGUAGE_STANDARD = gnu99;
				GCC_DYNAMIC_NO_PIC = NO;
				GCC_OPTIMIZATION_LEVEL = 0;
				GCC_PREPROCESSOR_DEFINITIONS = (
					"DEBUG=1",
					"$(inherited)",
				);
				GCC_SYMBOLS_PRIVATE_EXTERN = NO;
				GCC_VERSION = com.apple.compilers.llvm.clang.1_0;
				GCC_WARN_ABOUT_MISSING_PROTOTYPES = YES;
				GCC_WARN_ABOUT_RETURN_TYPE = YES;
				GCC_WARN_UNUSED_VARIABLE = YES;
				IPHONEOS_DEPLOYMENT_TARGET = 5.0;
				SDKROOT = iphoneos;
			};
			name = Debug;
		};
		DDE10AB314BBD775006630F4 /* Release */ = {
			isa = XCBuildConfiguration;
			buildSettings = {
				ALWAYS_SEARCH_USER_PATHS = NO;
				ARCHS = "$(ARCHS_STANDARD_32_BIT)";
				CLANG_ENABLE_OBJC_ARC = YES;
				"CODE_SIGN_IDENTITY[sdk=iphoneos*]" = "iPhone Developer";
				COPY_PHASE_STRIP = YES;
				GCC_C_LANGUAGE_STANDARD = gnu99;
				GCC_VERSION = com.apple.compilers.llvm.clang.1_0;
				GCC_WARN_ABOUT_MISSING_PROTOTYPES = YES;
				GCC_WARN_ABOUT_RETURN_TYPE = YES;
				GCC_WARN_UNUSED_VARIABLE = YES;
				IPHONEOS_DEPLOYMENT_TARGET = 5.0;
				OTHER_CFLAGS = "-DNS_BLOCK_ASSERTIONS=1";
				SDKROOT = iphoneos;
				VALIDATE_PRODUCT = YES;
			};
			name = Release;
		};
		DDE10AB514BBD775006630F4 /* Debug */ = {
			isa = XCBuildConfiguration;
			buildSettings = {
				GCC_PRECOMPILE_PREFIX_HEADER = YES;
				GCC_PREFIX_HEADER = "MyVeryLife/MyVeryLife-Prefix.pch";
				INFOPLIST_FILE = "MyVeryLife/MyVeryLife-Info.plist";
				PRODUCT_NAME = "金太家";
				WRAPPER_EXTENSION = app;
			};
			name = Debug;
		};
		DDE10AB614BBD775006630F4 /* Release */ = {
			isa = XCBuildConfiguration;
			buildSettings = {
				GCC_PRECOMPILE_PREFIX_HEADER = YES;
				GCC_PREFIX_HEADER = "MyVeryLife/MyVeryLife-Prefix.pch";
				INFOPLIST_FILE = "MyVeryLife/MyVeryLife-Info.plist";
				PRODUCT_NAME = "金太家";
				WRAPPER_EXTENSION = app;
			};
			name = Release;
		};
/* End XCBuildConfiguration section */

/* Begin XCConfigurationList section */
		DDE10A8514BBD774006630F4 /* Build configuration list for PBXProject "MyVeryLife" */ = {
			isa = XCConfigurationList;
			buildConfigurations = (
				DDE10AB214BBD775006630F4 /* Debug */,
				DDE10AB314BBD775006630F4 /* Release */,
			);
			defaultConfigurationIsVisible = 0;
			defaultConfigurationName = Release;
		};
		DDE10AB414BBD775006630F4 /* Build configuration list for PBXNativeTarget "MyVeryLife" */ = {
			isa = XCConfigurationList;
			buildConfigurations = (
				DDE10AB514BBD775006630F4 /* Debug */,
				DDE10AB614BBD775006630F4 /* Release */,
			);
			defaultConfigurationIsVisible = 0;
			defaultConfigurationName = Release;
		};
/* End XCConfigurationList section */
	};
	rootObject = DDE10A8214BBD774006630F4 /* Project object */;
}
